{
  "version": 4,
  "terraform_version": "1.6.0",
  "serial": 307,
  "lineage": "d6226ea2-f93a-fb99-3d39-b73d4077400d",
  "outputs": {
    "ca": {
      "value": "LS0tLS1CRUdJTiBDRVJUSUZJQ0FURS0tLS0tCk1JSURCVENDQWUyZ0F3SUJBZ0lJRUpMSk5Sb0ZLRWt3RFFZSktvWklodmNOQVFFTEJRQXdGVEVUTUJFR0ExVUUKQXhNS2EzVmlaWEp1WlhSbGN6QWVGdzB5TXpFd01URXhOekUyTXpGYUZ3MHpNekV3TURneE56SXhNekZhTUJVeApFekFSQmdOVkJBTVRDbXQxWW1WeWJtVjBaWE13Z2dFaU1BMEdDU3FHU0liM0RRRUJBUVVBQTRJQkR3QXdnZ0VLCkFvSUJBUURKZEJCQkQ2dHpYcUMzc21wSE9GSzNHQWpSMHpMa09hbzIyYTJsazJlQSthZG9TV2pSNVNTVkQwdjYKQ25aajZFakM5U01mL2lJM2xDRXp3bTZTSy9UNGNNcjNwODFuVkJ3MjMyRmwxSWV1QkNBcVE2cEpDc3VUdkFLUwpiSzNzUzFWalV3c0F3K2l6ZEl1bjN3anBKNHM3YmtCVkZia1Y3Lzg3VnZQQ29VU1p2QU05KzV1QmVDb01pOU1WCjRwci9ueWJZSVBWMkdiMXpwOWM2Q2xkZlpxUjluTWIvTDg1bVVyRzZzNmcwbTZqSUR3aGZLaFExYzZsRWtWVnYKNjRMQkZVa2ZXdnFFcWZ1MU82bGpqenpMa3hEcVN5a3k5dm16Z0N1bkk2aHM2TkpPMlRPYmpoaTluYTRCNEgyNQpKZEIwYTlUcXk0aDlUTFUwMm9VQWMxVE5LN1NUQWdNQkFBR2pXVEJYTUE0R0ExVWREd0VCL3dRRUF3SUNwREFQCkJnTlZIUk1CQWY4RUJUQURBUUgvTUIwR0ExVWREZ1FXQkJUTTFiQjZrVk9VelpVWEpmZjdQQmdIR0Q3NzhEQVYKQmdOVkhSRUVEakFNZ2dwcmRXSmxjbTVsZEdWek1BMEdDU3FHU0liM0RRRUJDd1VBQTRJQkFRQkM3UDlPU1RLQgo0K0RVb3N4ODJzaHpFQUJ5UE5mYU9lSldMcXNnZGJWMWF1amlJdTVjcmQ3dUhjUEc2bktoV3NQbk1SYitzWjZlCjN0NzFLZmtzQ3cyL2RvOHA1YUx4Q0ptSTRqSWQvK3NDMS9nSU16cFgyWktDaTlaUkpRR3M3aHVsclk0V25sUHkKZFlDdDFoSENoNUJmWGZlcTRBbHN1a2gybEsrM3ZoMjJ3b3dhRUpVTFY1eVVhYk1DcFNmTlRCZ2Y5N29EVHl4RApKZCtOSU91aDkxd0syNjl3K29OODMwWmhGMzJJc1E1Q1h0ZVBSOVk0R3ZNeHJzZE5MTlFaeXVWZ2tXbWdDOEgwCkcwS0xrOEdESHZ5TnYrWExJeVFXaUU3cW5TNEhHOWs2NGp4RWNWQlFrTjZGcmZUcFhNTHJReGh1UnRnK2FPOVAKUk1GK09UdmlIYmJhCi0tLS0tRU5EIENFUlRJRklDQVRFLS0tLS0K",
      "type": "string"
    },
    "cluster_service_role_arn": {
      "value": "arn:aws:iam::666634470791:role/eks-cluster-ServiceRole-HUIGIC7K7HNJ",
      "type": "string"
    },
    "endpoint": {
      "value": "https://33DCA87B199F6808C0BE5D0233C80FF7.gr7.us-east-1.eks.amazonaws.com",
      "type": "string"
    },
    "identity-oidc-issuer": {
      "value": "https://oidc.eks.us-east-1.amazonaws.com/id/33DCA87B199F6808C0BE5D0233C80FF7",
      "type": "string"
    },
    "keyid": {
      "value": "74a4e9fa-2ff3-4b14-8bd9-c789ab42b6c7",
      "type": "string"
    },
    "nodegroup_role_arn": {
      "value": "arn:aws:iam::666634470791:role/eks-nodegroup-ng-ma-NodeInstanceRole-1GFKA1037E1XO",
      "type": "string"
    },
    "region": {
      "value": "us-east-1",
      "type": "string"
    },
    "s3_bucket": {
      "value": "remotebackend-01",
      "type": "string"
    },
    "tfid": {
      "value": "f4d3ecad2aee1c63",
      "type": "string"
    }
  },
  "resources": [
    {
      "mode": "managed",
      "type": "aws_eip",
      "name": "my-eip",
      "provider": "provider[\"registry.terraform.io/hashicorp/aws\"]",
      "instances": [
        {
          "index_key": 0,
          "schema_version": 0,
          "attributes": {
            "address": null,
            "allocation_id": "eipalloc-066b34de35a422f16",
            "associate_with_private_ip": null,
            "association_id": "eipassoc-096663c7726be4ebd",
            "carrier_ip": "",
            "customer_owned_ip": "",
            "customer_owned_ipv4_pool": "",
            "domain": "vpc",
            "id": "eipalloc-066b34de35a422f16",
            "instance": "",
            "network_border_group": "us-east-1",
            "network_interface": "eni-06a2d465d6e6940e3",
            "private_dns": "ip-100-64-46-22.ec2.internal",
            "private_ip": "100.64.46.22",
            "public_dns": "ec2-44-205-183-152.compute-1.amazonaws.com",
            "public_ip": "44.205.183.152",
            "public_ipv4_pool": "amazon",
            "tags": {},
            "tags_all": {},
            "timeouts": {
              "delete": null,
              "read": null,
              "update": null
            },
            "vpc": true
          },
          "sensitive_attributes": [],
          "private": "eyJlMmJmYjczMC1lY2FhLTExZTYtOGY4OC0zNDM2M2JjN2M0YzAiOnsiZGVsZXRlIjoxODAwMDAwMDAwMDAsInJlYWQiOjkwMDAwMDAwMDAwMCwidXBkYXRlIjozMDAwMDAwMDAwMDB9fQ=="
        },
        {
          "index_key": 1,
          "schema_version": 0,
          "attributes": {
            "address": null,
            "allocation_id": "eipalloc-0aec0d141d0200f67",
            "associate_with_private_ip": null,
            "association_id": "eipassoc-0fe078d941cb4f5f5",
            "carrier_ip": "",
            "customer_owned_ip": "",
            "customer_owned_ipv4_pool": "",
            "domain": "vpc",
            "id": "eipalloc-0aec0d141d0200f67",
            "instance": "",
            "network_border_group": "us-east-1",
            "network_interface": "eni-0481ef0bc38cbf58a",
            "private_dns": "ip-100-64-82-86.ec2.internal",
            "private_ip": "100.64.82.86",
            "public_dns": "ec2-3-221-151-23.compute-1.amazonaws.com",
            "public_ip": "3.221.151.23",
            "public_ipv4_pool": "amazon",
            "tags": {},
            "tags_all": {},
            "timeouts": {
              "delete": null,
              "read": null,
              "update": null
            },
            "vpc": true
          },
          "sensitive_attributes": [],
          "private": "eyJlMmJmYjczMC1lY2FhLTExZTYtOGY4OC0zNDM2M2JjN2M0YzAiOnsiZGVsZXRlIjoxODAwMDAwMDAwMDAsInJlYWQiOjkwMDAwMDAwMDAwMCwidXBkYXRlIjozMDAwMDAwMDAwMDB9fQ=="
        },
        {
          "index_key": 2,
          "schema_version": 0,
          "attributes": {
            "address": null,
            "allocation_id": "eipalloc-088be622872375c0b",
            "associate_with_private_ip": null,
            "association_id": "eipassoc-072af56c737cd5426",
            "carrier_ip": "",
            "customer_owned_ip": "",
            "customer_owned_ipv4_pool": "",
            "domain": "vpc",
            "id": "eipalloc-088be622872375c0b",
            "instance": "",
            "network_border_group": "us-east-1",
            "network_interface": "eni-057d34e2139094c3e",
            "private_dns": "ip-100-64-188-81.ec2.internal",
            "private_ip": "100.64.188.81",
            "public_dns": "ec2-54-236-193-236.compute-1.amazonaws.com",
            "public_ip": "54.236.193.236",
            "public_ipv4_pool": "amazon",
            "tags": {},
            "tags_all": {},
            "timeouts": {
              "delete": null,
              "read": null,
              "update": null
            },
            "vpc": true
          },
          "sensitive_attributes": [],
          "private": "eyJlMmJmYjczMC1lY2FhLTExZTYtOGY4OC0zNDM2M2JjN2M0YzAiOnsiZGVsZXRlIjoxODAwMDAwMDAwMDAsInJlYWQiOjkwMDAwMDAwMDAwMCwidXBkYXRlIjozMDAwMDAwMDAwMDB9fQ=="
        }
      ]
    },
    {
      "mode": "managed",
      "type": "aws_eks_addon",
      "name": "vpc-cni",
      "provider": "provider[\"registry.terraform.io/hashicorp/aws\"]",
      "instances": [
        {
          "schema_version": 0,
          "attributes": {
            "addon_name": "vpc-cni",
            "addon_version": "v1.14.1-eksbuild.1",
            "arn": "arn:aws:eks:us-east-1:666634470791:addon/mycluster1/vpc-cni/b2c58fe3-ba37-8b67-d71d-c79235d4ca38",
            "cluster_name": "mycluster1",
            "configuration_values": "{\n    \"env\":{\n        \"AWS_VPC_K8S_CNI_CUSTOM_NETWORK_CFG\": \"true\"\n        }\n    }",
            "created_at": "2023-10-11T17:27:27Z",
            "id": "mycluster1:vpc-cni",
            "modified_at": "2023-10-11T17:42:16Z",
            "preserve": true,
            "resolve_conflicts": "OVERWRITE",
            "resolve_conflicts_on_create": null,
            "resolve_conflicts_on_update": null,
            "service_account_role_arn": "",
            "tags": {},
            "tags_all": {},
            "timeouts": null
          },
          "sensitive_attributes": [
            [
              {
                "type": "get_attr",
                "value": "cluster_name"
              }
            ]
          ],
          "private": "eyJlMmJmYjczMC1lY2FhLTExZTYtOGY4OC0zNDM2M2JjN2M0YzAiOnsiY3JlYXRlIjoxMjAwMDAwMDAwMDAwLCJkZWxldGUiOjI0MDAwMDAwMDAwMDAsInVwZGF0ZSI6MTIwMDAwMDAwMDAwMH19",
          "dependencies": [
            "aws_eks_cluster.cluster",
            "aws_iam_role.eks-cluster-ServiceRole-HUIGIC7K7HNJ",
            "aws_kms_key.ekskey",
            "aws_security_group.cluster-sg",
            "aws_ssm_parameter.tf-eks-cluster-name",
            "aws_subnet.subnet-p1",
            "aws_subnet.subnet-p2",
            "aws_subnet.subnet-p3",
            "aws_vpc.cluster"
          ]
        }
      ]
    },
    {
      "mode": "managed",
      "type": "aws_eks_cluster",
      "name": "cluster",
      "provider": "provider[\"registry.terraform.io/hashicorp/aws\"]",
      "instances": [
        {
          "schema_version": 0,
          "attributes": {
            "arn": "arn:aws:eks:us-east-1:666634470791:cluster/mycluster1",
            "certificate_authority": [
              {
                "data": "LS0tLS1CRUdJTiBDRVJUSUZJQ0FURS0tLS0tCk1JSURCVENDQWUyZ0F3SUJBZ0lJRUpMSk5Sb0ZLRWt3RFFZSktvWklodmNOQVFFTEJRQXdGVEVUTUJFR0ExVUUKQXhNS2EzVmlaWEp1WlhSbGN6QWVGdzB5TXpFd01URXhOekUyTXpGYUZ3MHpNekV3TURneE56SXhNekZhTUJVeApFekFSQmdOVkJBTVRDbXQxWW1WeWJtVjBaWE13Z2dFaU1BMEdDU3FHU0liM0RRRUJBUVVBQTRJQkR3QXdnZ0VLCkFvSUJBUURKZEJCQkQ2dHpYcUMzc21wSE9GSzNHQWpSMHpMa09hbzIyYTJsazJlQSthZG9TV2pSNVNTVkQwdjYKQ25aajZFakM5U01mL2lJM2xDRXp3bTZTSy9UNGNNcjNwODFuVkJ3MjMyRmwxSWV1QkNBcVE2cEpDc3VUdkFLUwpiSzNzUzFWalV3c0F3K2l6ZEl1bjN3anBKNHM3YmtCVkZia1Y3Lzg3VnZQQ29VU1p2QU05KzV1QmVDb01pOU1WCjRwci9ueWJZSVBWMkdiMXpwOWM2Q2xkZlpxUjluTWIvTDg1bVVyRzZzNmcwbTZqSUR3aGZLaFExYzZsRWtWVnYKNjRMQkZVa2ZXdnFFcWZ1MU82bGpqenpMa3hEcVN5a3k5dm16Z0N1bkk2aHM2TkpPMlRPYmpoaTluYTRCNEgyNQpKZEIwYTlUcXk0aDlUTFUwMm9VQWMxVE5LN1NUQWdNQkFBR2pXVEJYTUE0R0ExVWREd0VCL3dRRUF3SUNwREFQCkJnTlZIUk1CQWY4RUJUQURBUUgvTUIwR0ExVWREZ1FXQkJUTTFiQjZrVk9VelpVWEpmZjdQQmdIR0Q3NzhEQVYKQmdOVkhSRUVEakFNZ2dwcmRXSmxjbTVsZEdWek1BMEdDU3FHU0liM0RRRUJDd1VBQTRJQkFRQkM3UDlPU1RLQgo0K0RVb3N4ODJzaHpFQUJ5UE5mYU9lSldMcXNnZGJWMWF1amlJdTVjcmQ3dUhjUEc2bktoV3NQbk1SYitzWjZlCjN0NzFLZmtzQ3cyL2RvOHA1YUx4Q0ptSTRqSWQvK3NDMS9nSU16cFgyWktDaTlaUkpRR3M3aHVsclk0V25sUHkKZFlDdDFoSENoNUJmWGZlcTRBbHN1a2gybEsrM3ZoMjJ3b3dhRUpVTFY1eVVhYk1DcFNmTlRCZ2Y5N29EVHl4RApKZCtOSU91aDkxd0syNjl3K29OODMwWmhGMzJJc1E1Q1h0ZVBSOVk0R3ZNeHJzZE5MTlFaeXVWZ2tXbWdDOEgwCkcwS0xrOEdESHZ5TnYrWExJeVFXaUU3cW5TNEhHOWs2NGp4RWNWQlFrTjZGcmZUcFhNTHJReGh1UnRnK2FPOVAKUk1GK09UdmlIYmJhCi0tLS0tRU5EIENFUlRJRklDQVRFLS0tLS0K"
              }
            ],
            "cluster_id": null,
            "created_at": "2023-10-11 17:16:30.633 +0000 UTC",
            "enabled_cluster_log_types": [
              "api",
              "audit",
              "authenticator",
              "controllerManager",
              "scheduler"
            ],
            "encryption_config": [
              {
                "provider": [
                  {
                    "key_arn": "arn:aws:kms:us-east-1:666634470791:key/74a4e9fa-2ff3-4b14-8bd9-c789ab42b6c7"
                  }
                ],
                "resources": [
                  "secrets"
                ]
              }
            ],
            "endpoint": "https://33DCA87B199F6808C0BE5D0233C80FF7.gr7.us-east-1.eks.amazonaws.com",
            "id": "mycluster1",
            "identity": [
              {
                "oidc": [
                  {
                    "issuer": "https://oidc.eks.us-east-1.amazonaws.com/id/33DCA87B199F6808C0BE5D0233C80FF7"
                  }
                ]
              }
            ],
            "kubernetes_network_config": [
              {
                "ip_family": "ipv4",
                "service_ipv4_cidr": "172.20.0.0/16",
                "service_ipv6_cidr": ""
              }
            ],
            "name": "mycluster1",
            "outpost_config": [],
            "platform_version": "eks.1",
            "role_arn": "arn:aws:iam::666634470791:role/eks-cluster-ServiceRole-HUIGIC7K7HNJ",
            "status": "ACTIVE",
            "tags": {},
            "tags_all": {},
            "timeouts": {
              "create": null,
              "delete": null,
              "update": null
            },
            "version": "1.28",
            "vpc_config": [
              {
                "cluster_security_group_id": "sg-0ff20cbbfb8932563",
                "endpoint_private_access": true,
                "endpoint_public_access": false,
                "public_access_cidrs": [
                  "0.0.0.0/0"
                ],
                "security_group_ids": [
                  "sg-0690415d8415ab0ff"
                ],
                "subnet_ids": [
                  "subnet-00e62383bf8f47188",
                  "subnet-03ce176430d750d95",
                  "subnet-0cab0a652f42f095b"
                ],
                "vpc_id": "vpc-0f8eb2384fc87f575"
              }
            ]
          },
          "sensitive_attributes": [
            [
              {
                "type": "get_attr",
                "value": "name"
              }
            ]
          ],
          "private": "eyJlMmJmYjczMC1lY2FhLTExZTYtOGY4OC0zNDM2M2JjN2M0YzAiOnsiY3JlYXRlIjoxODAwMDAwMDAwMDAwLCJkZWxldGUiOjkwMDAwMDAwMDAwMCwidXBkYXRlIjozNjAwMDAwMDAwMDAwfX0=",
          "dependencies": [
            "aws_iam_role.eks-cluster-ServiceRole-HUIGIC7K7HNJ",
            "aws_kms_key.ekskey",
            "aws_security_group.cluster-sg",
            "aws_ssm_parameter.tf-eks-cluster-name",
            "aws_subnet.subnet-p1",
            "aws_subnet.subnet-p2",
            "aws_subnet.subnet-p3",
            "aws_vpc.cluster"
          ],
          "create_before_destroy": true
        }
      ]
    },
    {
      "mode": "managed",
      "type": "aws_eks_identity_provider_config",
      "name": "oidc",
      "provider": "provider[\"registry.terraform.io/hashicorp/aws\"]",
      "instances": [
        {
          "schema_version": 0,
          "attributes": {
            "arn": "arn:aws:eks:us-east-1:666634470791:identityproviderconfig/mycluster1/oidc/mycluster1/1ec58fe3-ba42-1662-e534-d1d23080ff28",
            "cluster_name": "mycluster1",
            "id": "mycluster1:mycluster1",
            "oidc": [
              {
                "client_id": "sts.amazonaws.com",
                "groups_claim": "",
                "groups_prefix": "",
                "identity_provider_config_name": "mycluster1",
                "issuer_url": "https://oidc.eks.us-east-1.amazonaws.com/id/33DCA87B199F6808C0BE5D0233C80FF7",
                "required_claims": {},
                "username_claim": "",
                "username_prefix": ""
              }
            ],
            "status": "ACTIVE",
            "tags": {},
            "tags_all": {},
            "timeouts": null
          },
          "sensitive_attributes": [
            [
              {
                "type": "get_attr",
                "value": "oidc"
              },
              {
                "type": "index",
                "value": {
                  "value": 0,
                  "type": "number"
                }
              },
              {
                "type": "get_attr",
                "value": "identity_provider_config_name"
              }
            ],
            [
              {
                "type": "get_attr",
                "value": "cluster_name"
              }
            ]
          ],
          "private": "eyJlMmJmYjczMC1lY2FhLTExZTYtOGY4OC0zNDM2M2JjN2M0YzAiOnsiY3JlYXRlIjoyNDAwMDAwMDAwMDAwLCJkZWxldGUiOjI0MDAwMDAwMDAwMDB9fQ==",
          "dependencies": [
            "aws_eks_cluster.cluster",
            "aws_iam_role.eks-cluster-ServiceRole-HUIGIC7K7HNJ",
            "aws_kms_key.ekskey",
            "aws_security_group.cluster-sg",
            "aws_ssm_parameter.tf-eks-cluster-name",
            "aws_subnet.subnet-p1",
            "aws_subnet.subnet-p2",
            "aws_subnet.subnet-p3",
            "aws_vpc.cluster"
          ]
        }
      ]
    },
    {
      "mode": "managed",
      "type": "aws_eks_node_group",
      "name": "ng1",
      "provider": "provider[\"registry.terraform.io/hashicorp/aws\"]",
      "instances": [
        {
          "status": "tainted",
          "schema_version": 0,
          "attributes": {
            "ami_type": null,
            "arn": null,
            "capacity_type": null,
            "cluster_name": "mycluster1",
            "disk_size": 0,
            "force_update_version": null,
            "id": "mycluster1:ng1-mycluster1",
            "instance_types": [],
            "labels": {
              "alpha.eksctl.io/cluster-name": "mycluster1",
              "alpha.eksctl.io/nodegroup-name": "ng1-mycluster1"
            },
            "launch_template": [
              {
                "id": "lt-06467875479ab5ff0",
                "name": "",
                "version": "1"
              }
            ],
            "node_group_name": "ng1-mycluster1",
            "node_group_name_prefix": null,
            "node_role_arn": "arn:aws:iam::666634470791:role/eks-nodegroup-ng-ma-NodeInstanceRole-1GFKA1037E1XO",
            "release_version": null,
            "remote_access": [],
            "resources": null,
            "scaling_config": [
              {
                "desired_size": 2,
                "max_size": 2,
                "min_size": 1
              }
            ],
            "status": null,
            "subnet_ids": [
              "subnet-000d09d01ecd62fe4",
              "subnet-05a175b35e124c7e4",
              "subnet-0b09b6ddc73f6c820"
            ],
            "tags": {
              "alpha.eksctl.io/cluster-name": "mycluster1",
              "alpha.eksctl.io/eksctl-version": "0.29.2",
              "alpha.eksctl.io/nodegroup-name": "ng1-mycluster1",
              "alpha.eksctl.io/nodegroup-type": "managed",
              "eksctl.cluster.k8s.io/v1alpha1/cluster-name": "mycluster1"
            },
            "tags_all": {
              "alpha.eksctl.io/cluster-name": "mycluster1",
              "alpha.eksctl.io/eksctl-version": "0.29.2",
              "alpha.eksctl.io/nodegroup-name": "ng1-mycluster1",
              "alpha.eksctl.io/nodegroup-type": "managed",
              "eksctl.cluster.k8s.io/v1alpha1/cluster-name": "mycluster1"
            },
            "taint": [],
            "timeouts": {
              "create": null,
              "delete": null,
              "update": null
            },
            "update_config": null,
            "version": null
          },
          "sensitive_attributes": [
            [
              {
                "type": "get_attr",
                "value": "cluster_name"
              }
            ],
            [
              {
                "type": "get_attr",
                "value": "tags"
              },
              {
                "type": "index",
                "value": {
                  "value": "alpha.eksctl.io/cluster-name",
                  "type": "string"
                }
              }
            ],
            [
              {
                "type": "get_attr",
                "value": "tags"
              },
              {
                "type": "index",
                "value": {
                  "value": "alpha.eksctl.io/nodegroup-name",
                  "type": "string"
                }
              }
            ],
            [
              {
                "type": "get_attr",
                "value": "tags"
              },
              {
                "type": "index",
                "value": {
                  "value": "eksctl.cluster.k8s.io/v1alpha1/cluster-name",
                  "type": "string"
                }
              }
            ],
            [
              {
                "type": "get_attr",
                "value": "node_group_name"
              }
            ],
            [
              {
                "type": "get_attr",
                "value": "labels"
              },
              {
                "type": "index",
                "value": {
                  "value": "alpha.eksctl.io/cluster-name",
                  "type": "string"
                }
              }
            ],
            [
              {
                "type": "get_attr",
                "value": "labels"
              },
              {
                "type": "index",
                "value": {
                  "value": "alpha.eksctl.io/nodegroup-name",
                  "type": "string"
                }
              }
            ]
          ],
          "private": "eyJlMmJmYjczMC1lY2FhLTExZTYtOGY4OC0zNDM2M2JjN2M0YzAiOnsiY3JlYXRlIjozNjAwMDAwMDAwMDAwLCJkZWxldGUiOjM2MDAwMDAwMDAwMDAsInVwZGF0ZSI6MzYwMDAwMDAwMDAwMH19",
          "dependencies": [
            "aws_eks_cluster.cluster",
            "aws_iam_role.eks-cluster-ServiceRole-HUIGIC7K7HNJ",
            "aws_iam_role.eks-nodegroup-ng-ma-NodeInstanceRole-1GFKA1037E1XO",
            "aws_kms_key.ekskey",
            "aws_launch_template.lt-ng1",
            "aws_security_group.allnodes-sg",
            "aws_security_group.cluster-sg",
            "aws_ssm_parameter.eksami",
            "aws_ssm_parameter.tf-eks-cluster-name",
            "aws_subnet.subnet-i1",
            "aws_subnet.subnet-i2",
            "aws_subnet.subnet-i3",
            "aws_subnet.subnet-p1",
            "aws_subnet.subnet-p2",
            "aws_subnet.subnet-p3",
            "aws_vpc.cluster",
            "aws_vpc_ipv4_cidr_block_association.vpc-cidr-assoc"
          ]
        }
      ]
    },
    {
      "mode": "managed",
      "type": "aws_iam_policy",
      "name": "load-balancer-policy",
      "provider": "provider[\"registry.terraform.io/hashicorp/aws\"]",
      "instances": [
        {
          "schema_version": 0,
          "attributes": {
            "arn": "arn:aws:iam::666634470791:policy/AWSLoadBalancerControllerIAMPolicy",
            "description": "AWS LoadBalancer Controller IAM Policy",
            "id": "arn:aws:iam::666634470791:policy/AWSLoadBalancerControllerIAMPolicy",
            "name": "AWSLoadBalancerControllerIAMPolicy",
            "name_prefix": "",
            "path": "/",
            "policy": "{\"Statement\":[{\"Action\":[\"iam:CreateServiceLinkedRole\"],\"Condition\":{\"StringEquals\":{\"iam:AWSServiceName\":\"elasticloadbalancing.amazonaws.com\"}},\"Effect\":\"Allow\",\"Resource\":\"*\"},{\"Action\":[\"ec2:DescribeAccountAttributes\",\"ec2:DescribeAddresses\",\"ec2:DescribeAvailabilityZones\",\"ec2:DescribeInternetGateways\",\"ec2:DescribeVpcs\",\"ec2:DescribeVpcPeeringConnections\",\"ec2:DescribeSubnets\",\"ec2:DescribeSecurityGroups\",\"ec2:DescribeInstances\",\"ec2:DescribeNetworkInterfaces\",\"ec2:DescribeTags\",\"ec2:GetCoipPoolUsage\",\"ec2:DescribeCoipPools\",\"elasticloadbalancing:DescribeLoadBalancers\",\"elasticloadbalancing:DescribeLoadBalancerAttributes\",\"elasticloadbalancing:DescribeListeners\",\"elasticloadbalancing:DescribeListenerCertificates\",\"elasticloadbalancing:DescribeSSLPolicies\",\"elasticloadbalancing:DescribeRules\",\"elasticloadbalancing:DescribeTargetGroups\",\"elasticloadbalancing:DescribeTargetGroupAttributes\",\"elasticloadbalancing:DescribeTargetHealth\",\"elasticloadbalancing:DescribeTags\"],\"Effect\":\"Allow\",\"Resource\":\"*\"},{\"Action\":[\"cognito-idp:DescribeUserPoolClient\",\"acm:ListCertificates\",\"acm:DescribeCertificate\",\"iam:ListServerCertificates\",\"iam:GetServerCertificate\",\"waf-regional:GetWebACL\",\"waf-regional:GetWebACLForResource\",\"waf-regional:AssociateWebACL\",\"waf-regional:DisassociateWebACL\",\"wafv2:GetWebACL\",\"wafv2:GetWebACLForResource\",\"wafv2:AssociateWebACL\",\"wafv2:DisassociateWebACL\",\"shield:GetSubscriptionState\",\"shield:DescribeProtection\",\"shield:CreateProtection\",\"shield:DeleteProtection\"],\"Effect\":\"Allow\",\"Resource\":\"*\"},{\"Action\":[\"ec2:AuthorizeSecurityGroupIngress\",\"ec2:RevokeSecurityGroupIngress\"],\"Effect\":\"Allow\",\"Resource\":\"*\"},{\"Action\":[\"ec2:CreateSecurityGroup\"],\"Effect\":\"Allow\",\"Resource\":\"*\"},{\"Action\":[\"ec2:CreateTags\"],\"Condition\":{\"Null\":{\"aws:RequestTag/elbv2.k8s.aws/cluster\":\"false\"},\"StringEquals\":{\"ec2:CreateAction\":\"CreateSecurityGroup\"}},\"Effect\":\"Allow\",\"Resource\":\"arn:aws:ec2:*:*:security-group/*\"},{\"Action\":[\"ec2:CreateTags\",\"ec2:DeleteTags\"],\"Condition\":{\"Null\":{\"aws:RequestTag/elbv2.k8s.aws/cluster\":\"true\",\"aws:ResourceTag/elbv2.k8s.aws/cluster\":\"false\"}},\"Effect\":\"Allow\",\"Resource\":\"arn:aws:ec2:*:*:security-group/*\"},{\"Action\":[\"ec2:AuthorizeSecurityGroupIngress\",\"ec2:RevokeSecurityGroupIngress\",\"ec2:DeleteSecurityGroup\"],\"Condition\":{\"Null\":{\"aws:ResourceTag/elbv2.k8s.aws/cluster\":\"false\"}},\"Effect\":\"Allow\",\"Resource\":\"*\"},{\"Action\":[\"elasticloadbalancing:CreateLoadBalancer\",\"elasticloadbalancing:CreateTargetGroup\"],\"Condition\":{\"Null\":{\"aws:RequestTag/elbv2.k8s.aws/cluster\":\"false\"}},\"Effect\":\"Allow\",\"Resource\":\"*\"},{\"Action\":[\"elasticloadbalancing:CreateListener\",\"elasticloadbalancing:DeleteListener\",\"elasticloadbalancing:CreateRule\",\"elasticloadbalancing:DeleteRule\"],\"Effect\":\"Allow\",\"Resource\":\"*\"},{\"Action\":[\"elasticloadbalancing:AddTags\",\"elasticloadbalancing:RemoveTags\"],\"Condition\":{\"Null\":{\"aws:RequestTag/elbv2.k8s.aws/cluster\":\"true\",\"aws:ResourceTag/elbv2.k8s.aws/cluster\":\"false\"}},\"Effect\":\"Allow\",\"Resource\":[\"arn:aws:elasticloadbalancing:*:*:targetgroup/*/*\",\"arn:aws:elasticloadbalancing:*:*:loadbalancer/net/*/*\",\"arn:aws:elasticloadbalancing:*:*:loadbalancer/app/*/*\"]},{\"Action\":[\"elasticloadbalancing:AddTags\",\"elasticloadbalancing:RemoveTags\"],\"Effect\":\"Allow\",\"Resource\":[\"arn:aws:elasticloadbalancing:*:*:listener/net/*/*/*\",\"arn:aws:elasticloadbalancing:*:*:listener/app/*/*/*\",\"arn:aws:elasticloadbalancing:*:*:listener-rule/net/*/*/*\",\"arn:aws:elasticloadbalancing:*:*:listener-rule/app/*/*/*\"]},{\"Action\":[\"elasticloadbalancing:ModifyLoadBalancerAttributes\",\"elasticloadbalancing:SetIpAddressType\",\"elasticloadbalancing:SetSecurityGroups\",\"elasticloadbalancing:SetSubnets\",\"elasticloadbalancing:DeleteLoadBalancer\",\"elasticloadbalancing:ModifyTargetGroup\",\"elasticloadbalancing:ModifyTargetGroupAttributes\",\"elasticloadbalancing:DeleteTargetGroup\"],\"Condition\":{\"Null\":{\"aws:ResourceTag/elbv2.k8s.aws/cluster\":\"false\"}},\"Effect\":\"Allow\",\"Resource\":\"*\"},{\"Action\":[\"elasticloadbalancing:AddTags\"],\"Condition\":{\"Null\":{\"aws:RequestTag/elbv2.k8s.aws/cluster\":\"false\"},\"StringEquals\":{\"elasticloadbalancing:CreateAction\":[\"CreateTargetGroup\",\"CreateLoadBalancer\"]}},\"Effect\":\"Allow\",\"Resource\":[\"arn:aws:elasticloadbalancing:*:*:targetgroup/*/*\",\"arn:aws:elasticloadbalancing:*:*:loadbalancer/net/*/*\",\"arn:aws:elasticloadbalancing:*:*:loadbalancer/app/*/*\"]},{\"Action\":[\"elasticloadbalancing:RegisterTargets\",\"elasticloadbalancing:DeregisterTargets\"],\"Effect\":\"Allow\",\"Resource\":\"arn:aws:elasticloadbalancing:*:*:targetgroup/*/*\"},{\"Action\":[\"elasticloadbalancing:SetWebAcl\",\"elasticloadbalancing:ModifyListener\",\"elasticloadbalancing:AddListenerCertificates\",\"elasticloadbalancing:RemoveListenerCertificates\",\"elasticloadbalancing:ModifyRule\"],\"Effect\":\"Allow\",\"Resource\":\"*\"}],\"Version\":\"2012-10-17\"}",
            "policy_id": "ANPAZWNUCYWD6NITPYJAN",
            "tags": {},
            "tags_all": {}
          },
          "sensitive_attributes": [],
          "private": "bnVsbA==",
          "dependencies": [
            "null_resource.policy"
          ]
        }
      ]
    },
    {
      "mode": "managed",
      "type": "aws_iam_policy_attachment",
      "name": "eks-nodegroup-ecr-policy-attachments",
      "provider": "provider[\"registry.terraform.io/hashicorp/aws\"]",
      "instances": [
        {
          "schema_version": 0,
          "attributes": {
            "groups": [],
            "id": "eks-nodegroup-ecr-policy-attachment",
            "name": "eks-nodegroup-ecr-policy-attachment",
            "policy_arn": "arn:aws:iam::aws:policy/AmazonEC2ContainerRegistryReadOnly",
            "roles": [
              "eks-nodegroup-ng-ma-NodeInstanceRole-1GFKA1037E1XO"
            ],
            "users": []
          },
          "sensitive_attributes": [],
          "private": "bnVsbA==",
          "dependencies": [
            "aws_iam_role.eks-nodegroup-ng-ma-NodeInstanceRole-1GFKA1037E1XO"
          ]
        }
      ]
    },
    {
      "mode": "managed",
      "type": "aws_iam_policy_attachment",
      "name": "eks-nodegroup-eks-policy-attachments",
      "provider": "provider[\"registry.terraform.io/hashicorp/aws\"]",
      "instances": [
        {
          "schema_version": 0,
          "attributes": {
            "groups": [],
            "id": "eks-nodegroup-eks-policy-attachment",
            "name": "eks-nodegroup-eks-policy-attachment",
            "policy_arn": "arn:aws:iam::aws:policy/AmazonEKSWorkerNodePolicy",
            "roles": [
              "eks-nodegroup-ng-ma-NodeInstanceRole-1GFKA1037E1XO"
            ],
            "users": []
          },
          "sensitive_attributes": [],
          "private": "bnVsbA==",
          "dependencies": [
            "aws_iam_role.eks-nodegroup-ng-ma-NodeInstanceRole-1GFKA1037E1XO"
          ]
        }
      ]
    },
    {
      "mode": "managed",
      "type": "aws_iam_role",
      "name": "eks-cluster-ServiceRole-HUIGIC7K7HNJ",
      "provider": "provider[\"registry.terraform.io/hashicorp/aws\"]",
      "instances": [
        {
          "schema_version": 0,
          "attributes": {
            "arn": "arn:aws:iam::666634470791:role/eks-cluster-ServiceRole-HUIGIC7K7HNJ",
            "assume_role_policy": "{\"Statement\":[{\"Action\":\"sts:AssumeRole\",\"Effect\":\"Allow\",\"Principal\":{\"Service\":[\"eks-fargate-pods.amazonaws.com\",\"eks.amazonaws.com\"]}}],\"Version\":\"2012-10-17\"}",
            "create_date": "2023-10-11T17:15:57Z",
            "description": "",
            "force_detach_policies": false,
            "id": "eks-cluster-ServiceRole-HUIGIC7K7HNJ",
            "inline_policy": [
              {
                "name": "eks-cluster-PolicyCloudWatchMetrics",
                "policy": "{\"Version\":\"2012-10-17\",\"Statement\":[{\"Action\":[\"cloudwatch:PutMetricData\",\"ssm:GetParameter\",\"ssm:PutParameter\"],\"Effect\":\"Allow\",\"Resource\":\"*\"}]}"
              }
            ],
            "managed_policy_arns": [
              "arn:aws:iam::aws:policy/AmazonEKSClusterPolicy"
            ],
            "max_session_duration": 3600,
            "name": "eks-cluster-ServiceRole-HUIGIC7K7HNJ",
            "name_prefix": "",
            "path": "/",
            "permissions_boundary": null,
            "tags": {
              "Name": "eks-cluster/ServiceRole"
            },
            "tags_all": {
              "Name": "eks-cluster/ServiceRole"
            },
            "unique_id": "AROAZWNUCYWDVIN2Z46BV"
          },
          "sensitive_attributes": [],
          "private": "bnVsbA==",
          "create_before_destroy": true
        }
      ]
    },
    {
      "mode": "managed",
      "type": "aws_iam_role",
      "name": "eks-nodegroup-ng-ma-NodeInstanceRole-1GFKA1037E1XO",
      "provider": "provider[\"registry.terraform.io/hashicorp/aws\"]",
      "instances": [
        {
          "schema_version": 0,
          "attributes": {
            "arn": "arn:aws:iam::666634470791:role/eks-nodegroup-ng-ma-NodeInstanceRole-1GFKA1037E1XO",
            "assume_role_policy": "{\"Statement\":[{\"Action\":\"sts:AssumeRole\",\"Effect\":\"Allow\",\"Principal\":{\"Service\":\"ec2.amazonaws.com\"}}],\"Version\":\"2012-10-17\"}",
            "create_date": "2023-10-11T17:15:56Z",
            "description": "",
            "force_detach_policies": false,
            "id": "eks-nodegroup-ng-ma-NodeInstanceRole-1GFKA1037E1XO",
            "inline_policy": [
              {
                "name": "eks-nodegroup-ng-maneksami2-PolicyAutoScaling",
                "policy": "{\"Version\":\"2012-10-17\",\"Statement\":[{\"Action\":[\"autoscaling:DescribeAutoScalingGroups\",\"autoscaling:DescribeAutoScalingInstances\",\"autoscaling:DescribeLaunchConfigurations\",\"autoscaling:DescribeTags\",\"autoscaling:SetDesiredCapacity\",\"autoscaling:TerminateInstanceInAutoScalingGroup\",\"ec2:DescribeLaunchTemplateVersions\"],\"Effect\":\"Allow\",\"Resource\":\"*\"}]}"
              }
            ],
            "managed_policy_arns": [
              "arn:aws:iam::aws:policy/AmazonEC2ContainerRegistryReadOnly",
              "arn:aws:iam::aws:policy/AmazonEKSWorkerNodePolicy"
            ],
            "max_session_duration": 3600,
            "name": "eks-nodegroup-ng-ma-NodeInstanceRole-1GFKA1037E1XO",
            "name_prefix": "",
            "path": "/",
            "permissions_boundary": null,
            "tags": {
              "Name": "eks-nodegroup-ng-maneksami2/NodeInstanceRole"
            },
            "tags_all": {
              "Name": "eks-nodegroup-ng-maneksami2/NodeInstanceRole"
            },
            "unique_id": "AROAZWNUCYWDXXZIXIM3A"
          },
          "sensitive_attributes": [],
          "private": "bnVsbA=="
        }
      ]
    },
    {
      "mode": "managed",
      "type": "aws_iam_role_policy",
      "name": "eks-cluster-ServiceRole-HUIGIC7K7HNJ__eks-cluster-PolicyCloudWatchMetrics",
      "provider": "provider[\"registry.terraform.io/hashicorp/aws\"]",
      "instances": [
        {
          "schema_version": 0,
          "attributes": {
            "id": "eks-cluster-ServiceRole-HUIGIC7K7HNJ:eks-cluster-PolicyCloudWatchMetrics",
            "name": "eks-cluster-PolicyCloudWatchMetrics",
            "name_prefix": null,
            "policy": "{\"Version\":\"2012-10-17\",\"Statement\":[{\"Action\":[\"cloudwatch:PutMetricData\",\"ssm:GetParameter\",\"ssm:PutParameter\"],\"Effect\":\"Allow\",\"Resource\":\"*\"}]}",
            "role": "eks-cluster-ServiceRole-HUIGIC7K7HNJ"
          },
          "sensitive_attributes": [],
          "private": "bnVsbA==",
          "dependencies": [
            "aws_iam_role.eks-cluster-ServiceRole-HUIGIC7K7HNJ"
          ]
        }
      ]
    },
    {
      "mode": "managed",
      "type": "aws_iam_role_policy",
      "name": "eks-nodegroup-ng-ma-NodeInstanceRole-1GFKA1037E1XO__eks-nodegroup-ng-maneksami2-PolicyAutoScaling",
      "provider": "provider[\"registry.terraform.io/hashicorp/aws\"]",
      "instances": [
        {
          "schema_version": 0,
          "attributes": {
            "id": "eks-nodegroup-ng-ma-NodeInstanceRole-1GFKA1037E1XO:eks-nodegroup-ng-maneksami2-PolicyAutoScaling",
            "name": "eks-nodegroup-ng-maneksami2-PolicyAutoScaling",
            "name_prefix": null,
            "policy": "{\"Version\":\"2012-10-17\",\"Statement\":[{\"Action\":[\"autoscaling:DescribeAutoScalingGroups\",\"autoscaling:DescribeAutoScalingInstances\",\"autoscaling:DescribeLaunchConfigurations\",\"autoscaling:DescribeTags\",\"autoscaling:SetDesiredCapacity\",\"autoscaling:TerminateInstanceInAutoScalingGroup\",\"ec2:DescribeLaunchTemplateVersions\"],\"Effect\":\"Allow\",\"Resource\":\"*\"}]}",
            "role": "eks-nodegroup-ng-ma-NodeInstanceRole-1GFKA1037E1XO"
          },
          "sensitive_attributes": [],
          "private": "bnVsbA==",
          "dependencies": [
            "aws_iam_role.eks-nodegroup-ng-ma-NodeInstanceRole-1GFKA1037E1XO"
          ]
        }
      ]
    },
    {
      "mode": "managed",
      "type": "aws_iam_role_policy_attachment",
      "name": "eks-cluster-ServiceRole-HUIGIC7K7HNJ__AmazonEKSClusterPolicy",
      "provider": "provider[\"registry.terraform.io/hashicorp/aws\"]",
      "instances": [
        {
          "schema_version": 0,
          "attributes": {
            "id": "eks-cluster-ServiceRole-HUIGIC7K7HNJ-20231011171559853600000002",
            "policy_arn": "arn:aws:iam::aws:policy/AmazonEKSClusterPolicy",
            "role": "eks-cluster-ServiceRole-HUIGIC7K7HNJ"
          },
          "sensitive_attributes": [],
          "private": "bnVsbA==",
          "dependencies": [
            "aws_iam_role.eks-cluster-ServiceRole-HUIGIC7K7HNJ"
          ]
        }
      ]
    },
    {
      "mode": "managed",
      "type": "aws_iam_role_policy_attachment",
      "name": "eks-nodegroup-ng-ma-NodeInstanceRole-1GFKA1037E1XO__AmazonEC2ContainerRegistryReadOnly",
      "provider": "provider[\"registry.terraform.io/hashicorp/aws\"]",
      "instances": [
        {
          "schema_version": 0,
          "attributes": {
            "id": "eks-nodegroup-ng-ma-NodeInstanceRole-1GFKA1037E1XO-20231011171558973200000001",
            "policy_arn": "arn:aws:iam::aws:policy/AmazonEC2ContainerRegistryReadOnly",
            "role": "eks-nodegroup-ng-ma-NodeInstanceRole-1GFKA1037E1XO"
          },
          "sensitive_attributes": [],
          "private": "bnVsbA==",
          "dependencies": [
            "aws_iam_role.eks-nodegroup-ng-ma-NodeInstanceRole-1GFKA1037E1XO"
          ]
        }
      ]
    },
    {
      "mode": "managed",
      "type": "aws_internet_gateway",
      "name": "my-igw",
      "provider": "provider[\"registry.terraform.io/hashicorp/aws\"]",
      "instances": [
        {
          "schema_version": 0,
          "attributes": {
            "arn": "arn:aws:ec2:us-east-1:666634470791:internet-gateway/igw-0ea222a2dfd19340f",
            "id": "igw-0ea222a2dfd19340f",
            "owner_id": "666634470791",
            "tags": {},
            "tags_all": {},
            "timeouts": null,
            "vpc_id": "vpc-0f8eb2384fc87f575"
          },
          "sensitive_attributes": [],
          "private": "eyJlMmJmYjczMC1lY2FhLTExZTYtOGY4OC0zNDM2M2JjN2M0YzAiOnsiY3JlYXRlIjoxMjAwMDAwMDAwMDAwLCJkZWxldGUiOjEyMDAwMDAwMDAwMDAsInVwZGF0ZSI6MTIwMDAwMDAwMDAwMH19",
          "dependencies": [
            "aws_ssm_parameter.tf-eks-cluster-name",
            "aws_vpc.cluster"
          ]
        }
      ]
    },
    {
      "mode": "managed",
      "type": "aws_kms_key",
      "name": "ekskey",
      "provider": "provider[\"registry.terraform.io/hashicorp/aws\"]",
      "instances": [
        {
          "schema_version": 0,
          "attributes": {
            "arn": "arn:aws:kms:us-east-1:666634470791:key/74a4e9fa-2ff3-4b14-8bd9-c789ab42b6c7",
            "bypass_policy_lockout_safety_check": false,
            "custom_key_store_id": "",
            "customer_master_key_spec": "SYMMETRIC_DEFAULT",
            "deletion_window_in_days": null,
            "description": "EKS KMS Key 2 mycluster1",
            "enable_key_rotation": false,
            "id": "74a4e9fa-2ff3-4b14-8bd9-c789ab42b6c7",
            "is_enabled": true,
            "key_id": "74a4e9fa-2ff3-4b14-8bd9-c789ab42b6c7",
            "key_usage": "ENCRYPT_DECRYPT",
            "multi_region": false,
            "policy": "{\"Id\":\"key-default-1\",\"Statement\":[{\"Action\":\"kms:*\",\"Effect\":\"Allow\",\"Principal\":{\"AWS\":\"arn:aws:iam::666634470791:root\"},\"Resource\":\"*\",\"Sid\":\"Enable IAM User Permissions\"}],\"Version\":\"2012-10-17\"}",
            "tags": {},
            "tags_all": {}
          },
          "sensitive_attributes": [],
          "private": "bnVsbA==",
          "create_before_destroy": true
        }
      ]
    },
    {
      "mode": "managed",
      "type": "aws_launch_template",
      "name": "lt-ng1",
      "provider": "provider[\"registry.terraform.io/hashicorp/aws\"]",
      "instances": [
        {
          "schema_version": 0,
          "attributes": {
            "arn": "arn:aws:ec2:us-east-1:666634470791:launch-template/lt-06467875479ab5ff0",
            "block_device_mappings": [],
            "capacity_reservation_specification": [],
            "cpu_options": [],
            "credit_specification": [],
            "default_version": 1,
            "description": "",
            "disable_api_stop": false,
            "disable_api_termination": false,
            "ebs_optimized": "",
            "elastic_gpu_specifications": [],
            "elastic_inference_accelerator": [],
            "enclave_options": [],
            "hibernation_options": [],
            "iam_instance_profile": [],
            "id": "lt-06467875479ab5ff0",
            "image_id": "ami-0f844a9675b22ea32",
            "instance_initiated_shutdown_behavior": "",
            "instance_market_options": [],
            "instance_requirements": [],
            "instance_type": "t3.micro",
            "kernel_id": "",
            "key_name": "eks",
            "latest_version": 2,
            "license_specification": [],
            "maintenance_options": [],
            "metadata_options": [],
            "monitoring": [],
            "name": "at-lt-mycluster1-ng1",
            "name_prefix": "",
            "network_interfaces": [],
            "placement": [],
            "private_dns_name_options": [],
            "ram_disk_id": "",
            "security_group_names": [],
            "tag_specifications": [
              {
                "resource_type": "instance",
                "tags": {
                  "Name": "mycluster1-ng1"
                }
              }
            ],
            "tags": {},
            "tags_all": {},
            "update_default_version": null,
            "user_data": "TUlNRS1WZXJzaW9uOiAxLjAKQ29udGVudC1UeXBlOiBtdWx0aXBhcnQvbWl4ZWQ7IGJvdW5kYXJ5PSI9PU1ZQk9VTkRBUlk9PSIKCi0tPT1NWUJPVU5EQVJZPT0KQ29udGVudC1UeXBlOiB0ZXh0L3gtc2hlbGxzY3JpcHQ7IGNoYXJzZXQ9InVzLWFzY2lpIgoKIyEvYmluL2Jhc2ggLXhlCnN1ZG8gL2V0Yy9la3MvYm9vdHN0cmFwLnNoIC0tYXBpc2VydmVyLWVuZHBvaW50ICdodHRwczovLzMzRENBODdCMTk5RjY4MDhDMEJFNUQwMjMzQzgwRkY3LmdyNy51cy1lYXN0LTEuZWtzLmFtYXpvbmF3cy5jb20nIC0tYjY0LWNsdXN0ZXItY2EgJ0xTMHRMUzFDUlVkSlRpQkRSVkpVU1VaSlEwRlVSUzB0TFMwdENrMUpTVVJDVkVORFFXVXlaMEYzU1VKQlowbEpSVXBNU2s1U2IwWkxSV3QzUkZGWlNrdHZXa2xvZG1OT1FWRkZURUpSUVhkR1ZFVlVUVUpGUjBFeFZVVUtRWGhOUzJFelZtbGFXRXAxV2xoU2JHTjZRV1ZHZHpCNVRYcEZkMDFVUlhoT2VrVXlUWHBHWVVaM01IcE5la1YzVFVSbmVFNTZTWGhOZWtaaFRVSlZlQXBGZWtGU1FtZE9Wa0pCVFZSRGJYUXhXVzFXZVdKdFZqQmFXRTEzWjJkRmFVMUJNRWREVTNGSFUwbGlNMFJSUlVKQlVWVkJRVFJKUWtSM1FYZG5aMFZMQ2tGdlNVSkJVVVJLWkVKQ1FrUTJkSHBZY1VNemMyMXdTRTlHU3pOSFFXcFNNSHBNYTA5aGJ6SXlZVEpzYXpKbFFTdGhaRzlUVjJwU05WTlRWa1F3ZGpZS1EyNWFhalpGYWtNNVUwMW1MMmxKTTJ4RFJYcDNiVFpUU3k5VU5HTk5jak53T0RGdVZrSjNNak15Um13eFNXVjFRa05CY1ZFMmNFcERjM1ZVZGtGTFV3cGlTek56VXpGV2FsVjNjMEYzSzJsNlpFbDFiak4zYW5CS05ITTNZbXRDVmtaaWExWTNMemczVm5aUVEyOVZVMXAyUVUwNUt6VjFRbVZEYjAxcE9VMVdDalJ3Y2k5dWVXSlpTVkJXTWtkaU1YcHdPV00yUTJ4a1pscHhVamx1VFdJdlREZzFiVlZ5Unpaek5tY3diVFpxU1VSM2FHWkxhRkV4WXpac1JXdFdWbllLTmpSTVFrWlZhMlpYZG5GRmNXWjFNVTgyYkdwcWVucE1hM2hFY1ZONWEzazVkbTE2WjBOMWJrazJhSE0yVGtwUE1sUlBZbXBvYVRsdVlUUkNORWd5TlFwS1pFSXdZVGxVY1hrMGFEbFVURlV3TW05VlFXTXhWRTVMTjFOVVFXZE5Ra0ZCUjJwWFZFSllUVUUwUjBFeFZXUkVkMFZDTDNkUlJVRjNTVU53UkVGUUNrSm5UbFpJVWsxQ1FXWTRSVUpVUVVSQlVVZ3ZUVUl3UjBFeFZXUkVaMUZYUWtKVVRURmlRalpyVms5VmVscFZXRXBtWmpkUVFtZElSMFEzTnpoRVFWWUtRbWRPVmtoU1JVVkVha0ZOWjJkd2NtUlhTbXhqYlRWc1pFZFdlazFCTUVkRFUzRkhVMGxpTTBSUlJVSkRkMVZCUVRSSlFrRlJRa00zVURsUFUxUkxRZ28wSzBSVmIzTjRPREp6YUhwRlFVSjVVRTVtWVU5bFNsZE1jWE5uWkdKV01XRjFhbWxKZFRWamNtUTNkVWhqVUVjMmJrdG9WM05RYmsxU1lpdHpXalpsQ2pOME56RkxabXR6UTNjeUwyUnZPSEExWVV4NFEwcHRTVFJxU1dRdkszTkRNUzluU1UxNmNGZ3lXa3REYVRsYVVrcFJSM00zYUhWc2NsazBWMjVzVUhrS1pGbERkREZvU0VOb05VSm1XR1psY1RSQmJITjFhMmd5YkVzck0zWm9NakozYjNkaFJVcFZURlkxZVZWaFlrMURjRk5tVGxSQ1oyWTVOMjlFVkhsNFJBcEtaQ3RPU1U5MWFEa3hkMHN5TmpsM0syOU9PRE13V21oR016SkpjMUUxUTFoMFpWQlNPVmswUjNaTmVISnpaRTVNVGxGYWVYVldaMnRYYldkRE9FZ3dDa2N3UzB4ck9FZEVTSFo1VG5ZcldFeEplVkZYYVVVM2NXNVRORWhIT1dzMk5HcDRSV05XUWxGclRqWkdjbVpVY0ZoTlRISlJlR2gxVW5SbksyRlBPVkFLVWsxR0swOVVkbWxJWW1KaENpMHRMUzB0UlU1RUlFTkZVbFJKUmtsRFFWUkZMUzB0TFMwSycgJ215Y2x1c3RlcjEnCmVjaG8gIlJ1bm5pbmcgY3VzdG9tIHVzZXIgZGF0YSBzY3JpcHQiID4gL3RtcC9tZS50eHQKCi0tPT1NWUJPVU5EQVJZPT0tLQo=",
            "vpc_security_group_ids": [
              "sg-07f956dafcae72b5e"
            ]
          },
          "sensitive_attributes": [
            [
              {
                "type": "get_attr",
                "value": "image_id"
              }
            ],
            [
              {
                "type": "get_attr",
                "value": "tag_specifications"
              },
              {
                "type": "index",
                "value": {
                  "value": 0,
                  "type": "number"
                }
              },
              {
                "type": "get_attr",
                "value": "tags"
              },
              {
                "type": "index",
                "value": {
                  "value": "Name",
                  "type": "string"
                }
              }
            ],
            [
              {
                "type": "get_attr",
                "value": "user_data"
              }
            ],
            [
              {
                "type": "get_attr",
                "value": "name"
              }
            ]
          ],
          "private": "bnVsbA==",
          "dependencies": [
            "aws_eks_cluster.cluster",
            "aws_iam_role.eks-cluster-ServiceRole-HUIGIC7K7HNJ",
            "aws_kms_key.ekskey",
            "aws_security_group.allnodes-sg",
            "aws_security_group.cluster-sg",
            "aws_ssm_parameter.eksami",
            "aws_ssm_parameter.tf-eks-cluster-name",
            "aws_subnet.subnet-p1",
            "aws_subnet.subnet-p2",
            "aws_subnet.subnet-p3",
            "aws_vpc.cluster"
          ],
          "create_before_destroy": true
        }
      ]
    },
    {
      "mode": "managed",
      "type": "aws_nat_gateway",
      "name": "nat-i1",
      "provider": "provider[\"registry.terraform.io/hashicorp/aws\"]",
      "instances": [
        {
          "schema_version": 0,
          "attributes": {
            "allocation_id": "eipalloc-066b34de35a422f16",
            "association_id": "eipassoc-096663c7726be4ebd",
            "connectivity_type": "public",
            "id": "nat-00ff7b31365a68848",
            "network_interface_id": "eni-06a2d465d6e6940e3",
            "private_ip": "100.64.46.22",
            "public_ip": "44.205.183.152",
            "secondary_allocation_ids": [],
            "secondary_private_ip_address_count": 0,
            "secondary_private_ip_addresses": [],
            "subnet_id": "subnet-05a175b35e124c7e4",
            "tags": {},
            "tags_all": {},
            "timeouts": null
          },
          "sensitive_attributes": [],
          "private": "eyJlMmJmYjczMC1lY2FhLTExZTYtOGY4OC0zNDM2M2JjN2M0YzAiOnsiY3JlYXRlIjo2MDAwMDAwMDAwMDAsImRlbGV0ZSI6MTgwMDAwMDAwMDAwMCwidXBkYXRlIjo2MDAwMDAwMDAwMDB9fQ==",
          "dependencies": [
            "aws_eip.my-eip",
            "aws_ssm_parameter.tf-eks-cluster-name",
            "aws_subnet.subnet-i1",
            "aws_vpc.cluster",
            "aws_vpc_ipv4_cidr_block_association.vpc-cidr-assoc"
          ]
        }
      ]
    },
    {
      "mode": "managed",
      "type": "aws_nat_gateway",
      "name": "nat-i2",
      "provider": "provider[\"registry.terraform.io/hashicorp/aws\"]",
      "instances": [
        {
          "schema_version": 0,
          "attributes": {
            "allocation_id": "eipalloc-0aec0d141d0200f67",
            "association_id": "eipassoc-0fe078d941cb4f5f5",
            "connectivity_type": "public",
            "id": "nat-07d571d5bb6fb5c7a",
            "network_interface_id": "eni-0481ef0bc38cbf58a",
            "private_ip": "100.64.82.86",
            "public_ip": "3.221.151.23",
            "secondary_allocation_ids": [],
            "secondary_private_ip_address_count": 0,
            "secondary_private_ip_addresses": [],
            "subnet_id": "subnet-000d09d01ecd62fe4",
            "tags": {},
            "tags_all": {},
            "timeouts": null
          },
          "sensitive_attributes": [],
          "private": "eyJlMmJmYjczMC1lY2FhLTExZTYtOGY4OC0zNDM2M2JjN2M0YzAiOnsiY3JlYXRlIjo2MDAwMDAwMDAwMDAsImRlbGV0ZSI6MTgwMDAwMDAwMDAwMCwidXBkYXRlIjo2MDAwMDAwMDAwMDB9fQ==",
          "dependencies": [
            "aws_eip.my-eip",
            "aws_ssm_parameter.tf-eks-cluster-name",
            "aws_subnet.subnet-i2",
            "aws_vpc.cluster",
            "aws_vpc_ipv4_cidr_block_association.vpc-cidr-assoc"
          ]
        }
      ]
    },
    {
      "mode": "managed",
      "type": "aws_nat_gateway",
      "name": "nat-i3",
      "provider": "provider[\"registry.terraform.io/hashicorp/aws\"]",
      "instances": [
        {
          "schema_version": 0,
          "attributes": {
            "allocation_id": "eipalloc-088be622872375c0b",
            "association_id": "eipassoc-072af56c737cd5426",
            "connectivity_type": "public",
            "id": "nat-036c17385e9dae290",
            "network_interface_id": "eni-057d34e2139094c3e",
            "private_ip": "100.64.188.81",
            "public_ip": "54.236.193.236",
            "secondary_allocation_ids": [],
            "secondary_private_ip_address_count": 0,
            "secondary_private_ip_addresses": [],
            "subnet_id": "subnet-0b09b6ddc73f6c820",
            "tags": {},
            "tags_all": {},
            "timeouts": null
          },
          "sensitive_attributes": [],
          "private": "eyJlMmJmYjczMC1lY2FhLTExZTYtOGY4OC0zNDM2M2JjN2M0YzAiOnsiY3JlYXRlIjo2MDAwMDAwMDAwMDAsImRlbGV0ZSI6MTgwMDAwMDAwMDAwMCwidXBkYXRlIjo2MDAwMDAwMDAwMDB9fQ==",
          "dependencies": [
            "aws_eip.my-eip",
            "aws_ssm_parameter.tf-eks-cluster-name",
            "aws_subnet.subnet-i3",
            "aws_vpc.cluster",
            "aws_vpc_ipv4_cidr_block_association.vpc-cidr-assoc"
          ]
        }
      ]
    },
    {
      "mode": "managed",
      "type": "aws_route_table",
      "name": "routeTable-i1",
      "provider": "provider[\"registry.terraform.io/hashicorp/aws\"]",
      "instances": [
        {
          "schema_version": 0,
          "attributes": {
            "arn": "arn:aws:ec2:us-east-1:666634470791:route-table/rtb-09ee6ddf0b4d3ba51",
            "id": "rtb-09ee6ddf0b4d3ba51",
            "owner_id": "666634470791",
            "propagating_vgws": [],
            "route": [
              {
                "carrier_gateway_id": "",
                "cidr_block": "0.0.0.0/0",
                "core_network_arn": "",
                "destination_prefix_list_id": "",
                "egress_only_gateway_id": "",
                "gateway_id": "nat-00ff7b31365a68848",
                "ipv6_cidr_block": "",
                "local_gateway_id": "",
                "nat_gateway_id": "",
                "network_interface_id": "",
                "transit_gateway_id": "",
                "vpc_endpoint_id": "",
                "vpc_peering_connection_id": ""
              }
            ],
            "tags": {
              "Name": "eks-mycluster1-cluster/IsolatedRouteTable"
            },
            "tags_all": {
              "Name": "eks-mycluster1-cluster/IsolatedRouteTable"
            },
            "timeouts": null,
            "vpc_id": "vpc-0f8eb2384fc87f575"
          },
          "sensitive_attributes": [
            [
              {
                "type": "get_attr",
                "value": "tags"
              },
              {
                "type": "index",
                "value": {
                  "value": "Name",
                  "type": "string"
                }
              }
            ]
          ],
          "private": "eyJlMmJmYjczMC1lY2FhLTExZTYtOGY4OC0zNDM2M2JjN2M0YzAiOnsiY3JlYXRlIjozMDAwMDAwMDAwMDAsImRlbGV0ZSI6MzAwMDAwMDAwMDAwLCJ1cGRhdGUiOjEyMDAwMDAwMDAwMH19",
          "dependencies": [
            "aws_eip.my-eip",
            "aws_nat_gateway.nat-i1",
            "aws_ssm_parameter.tf-eks-cluster-name",
            "aws_subnet.subnet-i1",
            "aws_vpc.cluster",
            "aws_vpc_ipv4_cidr_block_association.vpc-cidr-assoc"
          ]
        }
      ]
    },
    {
      "mode": "managed",
      "type": "aws_route_table",
      "name": "routeTable-i2",
      "provider": "provider[\"registry.terraform.io/hashicorp/aws\"]",
      "instances": [
        {
          "schema_version": 0,
          "attributes": {
            "arn": "arn:aws:ec2:us-east-1:666634470791:route-table/rtb-0a17fe1189ef42fdf",
            "id": "rtb-0a17fe1189ef42fdf",
            "owner_id": "666634470791",
            "propagating_vgws": [],
            "route": [
              {
                "carrier_gateway_id": "",
                "cidr_block": "0.0.0.0/0",
                "core_network_arn": "",
                "destination_prefix_list_id": "",
                "egress_only_gateway_id": "",
                "gateway_id": "nat-07d571d5bb6fb5c7a",
                "ipv6_cidr_block": "",
                "local_gateway_id": "",
                "nat_gateway_id": "",
                "network_interface_id": "",
                "transit_gateway_id": "",
                "vpc_endpoint_id": "",
                "vpc_peering_connection_id": ""
              }
            ],
            "tags": {
              "Name": "eks-mycluster1-cluster/IsolatedRouteTable"
            },
            "tags_all": {
              "Name": "eks-mycluster1-cluster/IsolatedRouteTable"
            },
            "timeouts": null,
            "vpc_id": "vpc-0f8eb2384fc87f575"
          },
          "sensitive_attributes": [
            [
              {
                "type": "get_attr",
                "value": "tags"
              },
              {
                "type": "index",
                "value": {
                  "value": "Name",
                  "type": "string"
                }
              }
            ]
          ],
          "private": "eyJlMmJmYjczMC1lY2FhLTExZTYtOGY4OC0zNDM2M2JjN2M0YzAiOnsiY3JlYXRlIjozMDAwMDAwMDAwMDAsImRlbGV0ZSI6MzAwMDAwMDAwMDAwLCJ1cGRhdGUiOjEyMDAwMDAwMDAwMH19",
          "dependencies": [
            "aws_eip.my-eip",
            "aws_nat_gateway.nat-i2",
            "aws_ssm_parameter.tf-eks-cluster-name",
            "aws_subnet.subnet-i2",
            "aws_vpc.cluster",
            "aws_vpc_ipv4_cidr_block_association.vpc-cidr-assoc"
          ]
        }
      ]
    },
    {
      "mode": "managed",
      "type": "aws_route_table",
      "name": "routeTable-i3",
      "provider": "provider[\"registry.terraform.io/hashicorp/aws\"]",
      "instances": [
        {
          "schema_version": 0,
          "attributes": {
            "arn": "arn:aws:ec2:us-east-1:666634470791:route-table/rtb-001a72aa50e132260",
            "id": "rtb-001a72aa50e132260",
            "owner_id": "666634470791",
            "propagating_vgws": [],
            "route": [
              {
                "carrier_gateway_id": "",
                "cidr_block": "0.0.0.0/0",
                "core_network_arn": "",
                "destination_prefix_list_id": "",
                "egress_only_gateway_id": "",
                "gateway_id": "nat-036c17385e9dae290",
                "ipv6_cidr_block": "",
                "local_gateway_id": "",
                "nat_gateway_id": "",
                "network_interface_id": "",
                "transit_gateway_id": "",
                "vpc_endpoint_id": "",
                "vpc_peering_connection_id": ""
              }
            ],
            "tags": {
              "Name": "eks-mycluster1-cluster/IsolatedRouteTable"
            },
            "tags_all": {
              "Name": "eks-mycluster1-cluster/IsolatedRouteTable"
            },
            "timeouts": null,
            "vpc_id": "vpc-0f8eb2384fc87f575"
          },
          "sensitive_attributes": [
            [
              {
                "type": "get_attr",
                "value": "tags"
              },
              {
                "type": "index",
                "value": {
                  "value": "Name",
                  "type": "string"
                }
              }
            ]
          ],
          "private": "eyJlMmJmYjczMC1lY2FhLTExZTYtOGY4OC0zNDM2M2JjN2M0YzAiOnsiY3JlYXRlIjozMDAwMDAwMDAwMDAsImRlbGV0ZSI6MzAwMDAwMDAwMDAwLCJ1cGRhdGUiOjEyMDAwMDAwMDAwMH19",
          "dependencies": [
            "aws_eip.my-eip",
            "aws_nat_gateway.nat-i3",
            "aws_ssm_parameter.tf-eks-cluster-name",
            "aws_subnet.subnet-i3",
            "aws_vpc.cluster",
            "aws_vpc_ipv4_cidr_block_association.vpc-cidr-assoc"
          ]
        }
      ]
    },
    {
      "mode": "managed",
      "type": "aws_route_table",
      "name": "rtb-0102c621469c344cd",
      "provider": "provider[\"registry.terraform.io/hashicorp/aws\"]",
      "instances": [
        {
          "schema_version": 0,
          "attributes": {
            "arn": "arn:aws:ec2:us-east-1:666634470791:route-table/rtb-00be931a5c2802688",
            "id": "rtb-00be931a5c2802688",
            "owner_id": "666634470791",
            "propagating_vgws": [],
            "route": [],
            "tags": {},
            "tags_all": {},
            "timeouts": null,
            "vpc_id": "vpc-0f8eb2384fc87f575"
          },
          "sensitive_attributes": [],
          "private": "eyJlMmJmYjczMC1lY2FhLTExZTYtOGY4OC0zNDM2M2JjN2M0YzAiOnsiY3JlYXRlIjozMDAwMDAwMDAwMDAsImRlbGV0ZSI6MzAwMDAwMDAwMDAwLCJ1cGRhdGUiOjEyMDAwMDAwMDAwMH19",
          "dependencies": [
            "aws_ssm_parameter.tf-eks-cluster-name",
            "aws_vpc.cluster"
          ]
        }
      ]
    },
    {
      "mode": "managed",
      "type": "aws_route_table",
      "name": "rtb-0329e787bbafcb2c4",
      "provider": "provider[\"registry.terraform.io/hashicorp/aws\"]",
      "instances": [
        {
          "schema_version": 0,
          "attributes": {
            "arn": "arn:aws:ec2:us-east-1:666634470791:route-table/rtb-0e288104bf1f2226a",
            "id": "rtb-0e288104bf1f2226a",
            "owner_id": "666634470791",
            "propagating_vgws": [],
            "route": [],
            "tags": {},
            "tags_all": {},
            "timeouts": null,
            "vpc_id": "vpc-0f8eb2384fc87f575"
          },
          "sensitive_attributes": [],
          "private": "eyJlMmJmYjczMC1lY2FhLTExZTYtOGY4OC0zNDM2M2JjN2M0YzAiOnsiY3JlYXRlIjozMDAwMDAwMDAwMDAsImRlbGV0ZSI6MzAwMDAwMDAwMDAwLCJ1cGRhdGUiOjEyMDAwMDAwMDAwMH19",
          "dependencies": [
            "aws_ssm_parameter.tf-eks-cluster-name",
            "aws_vpc.cluster"
          ]
        }
      ]
    },
    {
      "mode": "managed",
      "type": "aws_route_table",
      "name": "rtb-041267f0474c24068",
      "provider": "provider[\"registry.terraform.io/hashicorp/aws\"]",
      "instances": [
        {
          "schema_version": 0,
          "attributes": {
            "arn": "arn:aws:ec2:us-east-1:666634470791:route-table/rtb-08521a1ffa1b44392",
            "id": "rtb-08521a1ffa1b44392",
            "owner_id": "666634470791",
            "propagating_vgws": [],
            "route": [],
            "tags": {},
            "tags_all": {},
            "timeouts": null,
            "vpc_id": "vpc-0f8eb2384fc87f575"
          },
          "sensitive_attributes": [],
          "private": "eyJlMmJmYjczMC1lY2FhLTExZTYtOGY4OC0zNDM2M2JjN2M0YzAiOnsiY3JlYXRlIjozMDAwMDAwMDAwMDAsImRlbGV0ZSI6MzAwMDAwMDAwMDAwLCJ1cGRhdGUiOjEyMDAwMDAwMDAwMH19",
          "dependencies": [
            "aws_ssm_parameter.tf-eks-cluster-name",
            "aws_vpc.cluster"
          ]
        }
      ]
    },
    {
      "mode": "managed",
      "type": "aws_route_table_association",
      "name": "rtbassoc-0102c621469c344cd",
      "provider": "provider[\"registry.terraform.io/hashicorp/aws\"]",
      "instances": [
        {
          "schema_version": 0,
          "attributes": {
            "gateway_id": "",
            "id": "rtbassoc-085e169b0be3617a7",
            "route_table_id": "rtb-00be931a5c2802688",
            "subnet_id": "subnet-0cab0a652f42f095b",
            "timeouts": null
          },
          "sensitive_attributes": [],
          "private": "eyJlMmJmYjczMC1lY2FhLTExZTYtOGY4OC0zNDM2M2JjN2M0YzAiOnsiY3JlYXRlIjozMDAwMDAwMDAwMDAsImRlbGV0ZSI6MzAwMDAwMDAwMDAwLCJ1cGRhdGUiOjEyMDAwMDAwMDAwMH19",
          "dependencies": [
            "aws_route_table.rtb-0102c621469c344cd",
            "aws_ssm_parameter.tf-eks-cluster-name",
            "aws_subnet.subnet-p1",
            "aws_vpc.cluster"
          ]
        }
      ]
    },
    {
      "mode": "managed",
      "type": "aws_route_table_association",
      "name": "rtbassoc-0329e787bbafcb2c4",
      "provider": "provider[\"registry.terraform.io/hashicorp/aws\"]",
      "instances": [
        {
          "schema_version": 0,
          "attributes": {
            "gateway_id": "",
            "id": "rtbassoc-0c7fe89ef1efc4ebf",
            "route_table_id": "rtb-0e288104bf1f2226a",
            "subnet_id": "subnet-03ce176430d750d95",
            "timeouts": null
          },
          "sensitive_attributes": [],
          "private": "eyJlMmJmYjczMC1lY2FhLTExZTYtOGY4OC0zNDM2M2JjN2M0YzAiOnsiY3JlYXRlIjozMDAwMDAwMDAwMDAsImRlbGV0ZSI6MzAwMDAwMDAwMDAwLCJ1cGRhdGUiOjEyMDAwMDAwMDAwMH19",
          "dependencies": [
            "aws_route_table.rtb-0329e787bbafcb2c4",
            "aws_ssm_parameter.tf-eks-cluster-name",
            "aws_subnet.subnet-p2",
            "aws_vpc.cluster"
          ]
        }
      ]
    },
    {
      "mode": "managed",
      "type": "aws_route_table_association",
      "name": "rtbassoc-041267f0474c24068",
      "provider": "provider[\"registry.terraform.io/hashicorp/aws\"]",
      "instances": [
        {
          "schema_version": 0,
          "attributes": {
            "gateway_id": "",
            "id": "rtbassoc-0e95f3ffd82bf9aa4",
            "route_table_id": "rtb-08521a1ffa1b44392",
            "subnet_id": "subnet-00e62383bf8f47188",
            "timeouts": null
          },
          "sensitive_attributes": [],
          "private": "eyJlMmJmYjczMC1lY2FhLTExZTYtOGY4OC0zNDM2M2JjN2M0YzAiOnsiY3JlYXRlIjozMDAwMDAwMDAwMDAsImRlbGV0ZSI6MzAwMDAwMDAwMDAwLCJ1cGRhdGUiOjEyMDAwMDAwMDAwMH19",
          "dependencies": [
            "aws_route_table.rtb-041267f0474c24068",
            "aws_ssm_parameter.tf-eks-cluster-name",
            "aws_subnet.subnet-p3",
            "aws_vpc.cluster"
          ]
        }
      ]
    },
    {
      "mode": "managed",
      "type": "aws_security_group",
      "name": "allnodes-sg",
      "provider": "provider[\"registry.terraform.io/hashicorp/aws\"]",
      "instances": [
        {
          "schema_version": 1,
          "attributes": {
            "arn": "arn:aws:ec2:us-east-1:666634470791:security-group/sg-07f956dafcae72b5e",
            "description": "Communication between all nodes in the cluster",
            "egress": [],
            "id": "sg-07f956dafcae72b5e",
            "ingress": [],
            "name": "terraform-20231011171623059500000003",
            "name_prefix": "terraform-",
            "owner_id": "666634470791",
            "revoke_rules_on_delete": false,
            "tags": {
              "Label": "TF-EKS All Nodes Comms",
              "Name": "eks-mycluster1-cluster/ClusterSharedNodeSecurityGroup"
            },
            "tags_all": {
              "Label": "TF-EKS All Nodes Comms",
              "Name": "eks-mycluster1-cluster/ClusterSharedNodeSecurityGroup"
            },
            "timeouts": null,
            "vpc_id": "vpc-0f8eb2384fc87f575"
          },
          "sensitive_attributes": [],
          "private": "eyJlMmJmYjczMC1lY2FhLTExZTYtOGY4OC0zNDM2M2JjN2M0YzAiOnsiY3JlYXRlIjo2MDAwMDAwMDAwMDAsImRlbGV0ZSI6OTAwMDAwMDAwMDAwfSwic2NoZW1hX3ZlcnNpb24iOiIxIn0=",
          "dependencies": [
            "aws_ssm_parameter.tf-eks-cluster-name",
            "aws_vpc.cluster"
          ],
          "create_before_destroy": true
        }
      ]
    },
    {
      "mode": "managed",
      "type": "aws_security_group",
      "name": "cluster-sg",
      "provider": "provider[\"registry.terraform.io/hashicorp/aws\"]",
      "instances": [
        {
          "schema_version": 1,
          "attributes": {
            "arn": "arn:aws:ec2:us-east-1:666634470791:security-group/sg-0690415d8415ab0ff",
            "description": "Communication between the control plane and worker nodegroups",
            "egress": [],
            "id": "sg-0690415d8415ab0ff",
            "ingress": [],
            "name": "terraform-20231011171623069100000004",
            "name_prefix": "terraform-",
            "owner_id": "666634470791",
            "revoke_rules_on_delete": false,
            "tags": {
              "Label": "TF-EKS Control Plane \u0026 all worker nodes comms",
              "Name": "eks-mycluster1-cluster/ControlPlaneSecurityGroup"
            },
            "tags_all": {
              "Label": "TF-EKS Control Plane \u0026 all worker nodes comms",
              "Name": "eks-mycluster1-cluster/ControlPlaneSecurityGroup"
            },
            "timeouts": null,
            "vpc_id": "vpc-0f8eb2384fc87f575"
          },
          "sensitive_attributes": [],
          "private": "eyJlMmJmYjczMC1lY2FhLTExZTYtOGY4OC0zNDM2M2JjN2M0YzAiOnsiY3JlYXRlIjo2MDAwMDAwMDAwMDAsImRlbGV0ZSI6OTAwMDAwMDAwMDAwfSwic2NoZW1hX3ZlcnNpb24iOiIxIn0=",
          "dependencies": [
            "aws_ssm_parameter.tf-eks-cluster-name",
            "aws_vpc.cluster"
          ],
          "create_before_destroy": true
        }
      ]
    },
    {
      "mode": "managed",
      "type": "aws_ssm_parameter",
      "name": "cluster_service_role_arn",
      "provider": "provider[\"registry.terraform.io/hashicorp/aws\"]",
      "instances": [
        {
          "schema_version": 0,
          "attributes": {
            "allowed_pattern": "",
            "arn": "arn:aws:ssm:us-east-1:666634470791:parameter/eks/cluster_service_role_arn",
            "data_type": "text",
            "description": "",
            "id": "/eks/cluster_service_role_arn",
            "insecure_value": null,
            "key_id": "",
            "name": "/eks/cluster_service_role_arn",
            "overwrite": null,
            "tags": {},
            "tags_all": {},
            "tier": "Standard",
            "type": "String",
            "value": "aws_iam_role.eks-cluster-ServiceRole-HUIGIC7K7HNJ.arn",
            "version": 1
          },
          "sensitive_attributes": [],
          "private": "bnVsbA=="
        }
      ]
    },
    {
      "mode": "managed",
      "type": "aws_ssm_parameter",
      "name": "eksami",
      "provider": "provider[\"registry.terraform.io/hashicorp/aws\"]",
      "instances": [
        {
          "schema_version": 0,
          "attributes": {
            "allowed_pattern": "",
            "arn": "arn:aws:ssm:us-east-1:666634470791:parameter/eks/eks-cluster/ami-id",
            "data_type": "text",
            "description": "EKS AMI Image ID",
            "id": "/eks/eks-cluster/ami-id",
            "insecure_value": null,
            "key_id": "",
            "name": "/eks/eks-cluster/ami-id",
            "overwrite": null,
            "tags": {},
            "tags_all": {},
            "tier": "Standard",
            "type": "String",
            "value": "ami-0f844a9675b22ea32",
            "version": 1
          },
          "sensitive_attributes": [],
          "private": "bnVsbA==",
          "create_before_destroy": true
        }
      ]
    },
    {
      "mode": "managed",
      "type": "aws_ssm_parameter",
      "name": "tf-eks-cluster-name",
      "provider": "provider[\"registry.terraform.io/hashicorp/aws\"]",
      "instances": [
        {
          "schema_version": 0,
          "attributes": {
            "allowed_pattern": "",
            "arn": "arn:aws:ssm:us-east-1:666634470791:parameter/eks/tf-eks/cluster-name",
            "data_type": "text",
            "description": "The EKS cluster name",
            "id": "/eks/tf-eks/cluster-name",
            "insecure_value": null,
            "key_id": "",
            "name": "/eks/tf-eks/cluster-name",
            "overwrite": true,
            "tags": {
              "name": "tf-eks"
            },
            "tags_all": {
              "name": "tf-eks"
            },
            "tier": "Standard",
            "type": "String",
            "value": "mycluster1",
            "version": 1
          },
          "sensitive_attributes": [],
          "private": "bnVsbA==",
          "create_before_destroy": true
        }
      ]
    },
    {
      "mode": "managed",
      "type": "aws_ssm_parameter",
      "name": "tf-eks-id",
      "provider": "provider[\"registry.terraform.io/hashicorp/aws\"]",
      "instances": [
        {
          "schema_version": 0,
          "attributes": {
            "allowed_pattern": "",
            "arn": "arn:aws:ssm:us-east-1:666634470791:parameter/eks/tf-eks/id",
            "data_type": "text",
            "description": "The unique id",
            "id": "/eks/tf-eks/id",
            "insecure_value": null,
            "key_id": "",
            "name": "/eks/tf-eks/id",
            "overwrite": true,
            "tags": {
              "name": "tf-eks"
            },
            "tags_all": {
              "name": "tf-eks"
            },
            "tier": "Standard",
            "type": "String",
            "value": "f4d3ecad2aee1c63",
            "version": 1
          },
          "sensitive_attributes": [],
          "private": "bnVsbA==",
          "dependencies": [
            "random_id.id1"
          ]
        }
      ]
    },
    {
      "mode": "managed",
      "type": "aws_ssm_parameter",
      "name": "tf-eks-keyarn",
      "provider": "provider[\"registry.terraform.io/hashicorp/aws\"]",
      "instances": [
        {
          "schema_version": 0,
          "attributes": {
            "allowed_pattern": "",
            "arn": "arn:aws:ssm:us-east-1:666634470791:parameter/eks/tf-eks/keyarn",
            "data_type": "text",
            "description": "The keyid",
            "id": "/eks/tf-eks/keyarn",
            "insecure_value": null,
            "key_id": "",
            "name": "/eks/tf-eks/keyarn",
            "overwrite": true,
            "tags": {
              "name": "tf-eks"
            },
            "tags_all": {
              "name": "tf-eks"
            },
            "tier": "Standard",
            "type": "String",
            "value": "arn:aws:kms:us-east-1:666634470791:key/74a4e9fa-2ff3-4b14-8bd9-c789ab42b6c7",
            "version": 1
          },
          "sensitive_attributes": [],
          "private": "bnVsbA==",
          "dependencies": [
            "aws_kms_key.ekskey"
          ]
        }
      ]
    },
    {
      "mode": "managed",
      "type": "aws_ssm_parameter",
      "name": "tf-eks-keyid",
      "provider": "provider[\"registry.terraform.io/hashicorp/aws\"]",
      "instances": [
        {
          "schema_version": 0,
          "attributes": {
            "allowed_pattern": "",
            "arn": "arn:aws:ssm:us-east-1:666634470791:parameter/eks/tf-eks/keyid",
            "data_type": "text",
            "description": "The keyid",
            "id": "/eks/tf-eks/keyid",
            "insecure_value": null,
            "key_id": "",
            "name": "/eks/tf-eks/keyid",
            "overwrite": true,
            "tags": {
              "name": "tf-eks"
            },
            "tags_all": {
              "name": "tf-eks"
            },
            "tier": "Standard",
            "type": "String",
            "value": "74a4e9fa-2ff3-4b14-8bd9-c789ab42b6c7",
            "version": 1
          },
          "sensitive_attributes": [],
          "private": "bnVsbA==",
          "dependencies": [
            "aws_kms_key.ekskey"
          ]
        }
      ]
    },
    {
      "mode": "managed",
      "type": "aws_ssm_parameter",
      "name": "tf-eks-region",
      "provider": "provider[\"registry.terraform.io/hashicorp/aws\"]",
      "instances": [
        {
          "schema_version": 0,
          "attributes": {
            "allowed_pattern": "",
            "arn": "arn:aws:ssm:us-east-1:666634470791:parameter/eks/tf-eks/region",
            "data_type": "text",
            "description": "The region",
            "id": "/eks/tf-eks/region",
            "insecure_value": null,
            "key_id": "",
            "name": "/eks/tf-eks/region",
            "overwrite": true,
            "tags": {
              "name": "tf-eks"
            },
            "tags_all": {
              "name": "tf-eks"
            },
            "tier": "Standard",
            "type": "String",
            "value": "us-east-1",
            "version": 1
          },
          "sensitive_attributes": [],
          "private": "bnVsbA=="
        }
      ]
    },
    {
      "mode": "managed",
      "type": "aws_subnet",
      "name": "subnet-i1",
      "provider": "provider[\"registry.terraform.io/hashicorp/aws\"]",
      "instances": [
        {
          "schema_version": 1,
          "attributes": {
            "arn": "arn:aws:ec2:us-east-1:666634470791:subnet/subnet-05a175b35e124c7e4",
            "assign_ipv6_address_on_creation": false,
            "availability_zone": "us-east-1a",
            "availability_zone_id": "use1-az6",
            "cidr_block": "100.64.0.0/18",
            "customer_owned_ipv4_pool": "",
            "enable_dns64": false,
            "enable_lni_at_device_index": 0,
            "enable_resource_name_dns_a_record_on_launch": false,
            "enable_resource_name_dns_aaaa_record_on_launch": false,
            "id": "subnet-05a175b35e124c7e4",
            "ipv6_cidr_block": "",
            "ipv6_cidr_block_association_id": "",
            "ipv6_native": false,
            "map_customer_owned_ip_on_launch": false,
            "map_public_ip_on_launch": false,
            "outpost_arn": "",
            "owner_id": "666634470791",
            "private_dns_hostname_type_on_launch": "ip-name",
            "tags": {
              "Name": "i1-mycluster1",
              "kubernetes.io/cluster/mycluster1": "shared",
              "workshop": "subnet-i1"
            },
            "tags_all": {
              "Name": "i1-mycluster1",
              "kubernetes.io/cluster/mycluster1": "shared",
              "workshop": "subnet-i1"
            },
            "timeouts": {
              "create": null,
              "delete": null
            },
            "vpc_id": "vpc-0f8eb2384fc87f575"
          },
          "sensitive_attributes": [
            [
              {
                "type": "get_attr",
                "value": "tags"
              }
            ],
            [
              {
                "type": "get_attr",
                "value": "tags"
              },
              {
                "type": "index",
                "value": {
                  "value": "Name",
                  "type": "string"
                }
              }
            ]
          ],
          "private": "eyJlMmJmYjczMC1lY2FhLTExZTYtOGY4OC0zNDM2M2JjN2M0YzAiOnsiY3JlYXRlIjo2MDAwMDAwMDAwMDAsImRlbGV0ZSI6MTIwMDAwMDAwMDAwMH0sInNjaGVtYV92ZXJzaW9uIjoiMSJ9",
          "dependencies": [
            "aws_ssm_parameter.tf-eks-cluster-name",
            "aws_vpc.cluster",
            "aws_vpc_ipv4_cidr_block_association.vpc-cidr-assoc"
          ]
        }
      ]
    },
    {
      "mode": "managed",
      "type": "aws_subnet",
      "name": "subnet-i2",
      "provider": "provider[\"registry.terraform.io/hashicorp/aws\"]",
      "instances": [
        {
          "schema_version": 1,
          "attributes": {
            "arn": "arn:aws:ec2:us-east-1:666634470791:subnet/subnet-000d09d01ecd62fe4",
            "assign_ipv6_address_on_creation": false,
            "availability_zone": "us-east-1b",
            "availability_zone_id": "use1-az1",
            "cidr_block": "100.64.64.0/18",
            "customer_owned_ipv4_pool": "",
            "enable_dns64": false,
            "enable_lni_at_device_index": 0,
            "enable_resource_name_dns_a_record_on_launch": false,
            "enable_resource_name_dns_aaaa_record_on_launch": false,
            "id": "subnet-000d09d01ecd62fe4",
            "ipv6_cidr_block": "",
            "ipv6_cidr_block_association_id": "",
            "ipv6_native": false,
            "map_customer_owned_ip_on_launch": false,
            "map_public_ip_on_launch": false,
            "outpost_arn": "",
            "owner_id": "666634470791",
            "private_dns_hostname_type_on_launch": "ip-name",
            "tags": {
              "Name": "i2-mycluster1",
              "kubernetes.io/cluster/mycluster1": "shared",
              "workshop": "subnet-i2"
            },
            "tags_all": {
              "Name": "i2-mycluster1",
              "kubernetes.io/cluster/mycluster1": "shared",
              "workshop": "subnet-i2"
            },
            "timeouts": {
              "create": null,
              "delete": null
            },
            "vpc_id": "vpc-0f8eb2384fc87f575"
          },
          "sensitive_attributes": [
            [
              {
                "type": "get_attr",
                "value": "tags"
              }
            ],
            [
              {
                "type": "get_attr",
                "value": "tags"
              },
              {
                "type": "index",
                "value": {
                  "value": "Name",
                  "type": "string"
                }
              }
            ]
          ],
          "private": "eyJlMmJmYjczMC1lY2FhLTExZTYtOGY4OC0zNDM2M2JjN2M0YzAiOnsiY3JlYXRlIjo2MDAwMDAwMDAwMDAsImRlbGV0ZSI6MTIwMDAwMDAwMDAwMH0sInNjaGVtYV92ZXJzaW9uIjoiMSJ9",
          "dependencies": [
            "aws_ssm_parameter.tf-eks-cluster-name",
            "aws_vpc.cluster",
            "aws_vpc_ipv4_cidr_block_association.vpc-cidr-assoc"
          ]
        }
      ]
    },
    {
      "mode": "managed",
      "type": "aws_subnet",
      "name": "subnet-i3",
      "provider": "provider[\"registry.terraform.io/hashicorp/aws\"]",
      "instances": [
        {
          "schema_version": 1,
          "attributes": {
            "arn": "arn:aws:ec2:us-east-1:666634470791:subnet/subnet-0b09b6ddc73f6c820",
            "assign_ipv6_address_on_creation": false,
            "availability_zone": "us-east-1c",
            "availability_zone_id": "use1-az2",
            "cidr_block": "100.64.128.0/18",
            "customer_owned_ipv4_pool": "",
            "enable_dns64": false,
            "enable_lni_at_device_index": 0,
            "enable_resource_name_dns_a_record_on_launch": false,
            "enable_resource_name_dns_aaaa_record_on_launch": false,
            "id": "subnet-0b09b6ddc73f6c820",
            "ipv6_cidr_block": "",
            "ipv6_cidr_block_association_id": "",
            "ipv6_native": false,
            "map_customer_owned_ip_on_launch": false,
            "map_public_ip_on_launch": false,
            "outpost_arn": "",
            "owner_id": "666634470791",
            "private_dns_hostname_type_on_launch": "ip-name",
            "tags": {
              "Name": "i3-mycluster1",
              "kubernetes.io/cluster/mycluster1": "shared",
              "workshop": "subnet-i3"
            },
            "tags_all": {
              "Name": "i3-mycluster1",
              "kubernetes.io/cluster/mycluster1": "shared",
              "workshop": "subnet-i3"
            },
            "timeouts": {
              "create": null,
              "delete": null
            },
            "vpc_id": "vpc-0f8eb2384fc87f575"
          },
          "sensitive_attributes": [
            [
              {
                "type": "get_attr",
                "value": "tags"
              }
            ],
            [
              {
                "type": "get_attr",
                "value": "tags"
              },
              {
                "type": "index",
                "value": {
                  "value": "Name",
                  "type": "string"
                }
              }
            ]
          ],
          "private": "eyJlMmJmYjczMC1lY2FhLTExZTYtOGY4OC0zNDM2M2JjN2M0YzAiOnsiY3JlYXRlIjo2MDAwMDAwMDAwMDAsImRlbGV0ZSI6MTIwMDAwMDAwMDAwMH0sInNjaGVtYV92ZXJzaW9uIjoiMSJ9",
          "dependencies": [
            "aws_ssm_parameter.tf-eks-cluster-name",
            "aws_vpc.cluster",
            "aws_vpc_ipv4_cidr_block_association.vpc-cidr-assoc"
          ]
        }
      ]
    },
    {
      "mode": "managed",
      "type": "aws_subnet",
      "name": "subnet-p1",
      "provider": "provider[\"registry.terraform.io/hashicorp/aws\"]",
      "instances": [
        {
          "schema_version": 1,
          "attributes": {
            "arn": "arn:aws:ec2:us-east-1:666634470791:subnet/subnet-0cab0a652f42f095b",
            "assign_ipv6_address_on_creation": false,
            "availability_zone": "us-east-1a",
            "availability_zone_id": "use1-az6",
            "cidr_block": "10.0.1.0/24",
            "customer_owned_ipv4_pool": "",
            "enable_dns64": false,
            "enable_lni_at_device_index": 0,
            "enable_resource_name_dns_a_record_on_launch": false,
            "enable_resource_name_dns_aaaa_record_on_launch": false,
            "id": "subnet-0cab0a652f42f095b",
            "ipv6_cidr_block": "",
            "ipv6_cidr_block_association_id": "",
            "ipv6_native": false,
            "map_customer_owned_ip_on_launch": false,
            "map_public_ip_on_launch": false,
            "outpost_arn": "",
            "owner_id": "666634470791",
            "private_dns_hostname_type_on_launch": "ip-name",
            "tags": {
              "Name": "Private1",
              "kubernetes.io/cluster/mycluster1": "shared",
              "kubernetes.io/role/internal-elb": "1",
              "workshop": "subnet-p1"
            },
            "tags_all": {
              "Name": "Private1",
              "kubernetes.io/cluster/mycluster1": "shared",
              "kubernetes.io/role/internal-elb": "1",
              "workshop": "subnet-p1"
            },
            "timeouts": {
              "create": null,
              "delete": null
            },
            "vpc_id": "vpc-0f8eb2384fc87f575"
          },
          "sensitive_attributes": [
            [
              {
                "type": "get_attr",
                "value": "tags"
              }
            ]
          ],
          "private": "eyJlMmJmYjczMC1lY2FhLTExZTYtOGY4OC0zNDM2M2JjN2M0YzAiOnsiY3JlYXRlIjo2MDAwMDAwMDAwMDAsImRlbGV0ZSI6MTIwMDAwMDAwMDAwMH0sInNjaGVtYV92ZXJzaW9uIjoiMSJ9",
          "dependencies": [
            "aws_ssm_parameter.tf-eks-cluster-name",
            "aws_vpc.cluster"
          ],
          "create_before_destroy": true
        }
      ]
    },
    {
      "mode": "managed",
      "type": "aws_subnet",
      "name": "subnet-p2",
      "provider": "provider[\"registry.terraform.io/hashicorp/aws\"]",
      "instances": [
        {
          "schema_version": 1,
          "attributes": {
            "arn": "arn:aws:ec2:us-east-1:666634470791:subnet/subnet-03ce176430d750d95",
            "assign_ipv6_address_on_creation": false,
            "availability_zone": "us-east-1b",
            "availability_zone_id": "use1-az1",
            "cidr_block": "10.0.2.0/24",
            "customer_owned_ipv4_pool": "",
            "enable_dns64": false,
            "enable_lni_at_device_index": 0,
            "enable_resource_name_dns_a_record_on_launch": false,
            "enable_resource_name_dns_aaaa_record_on_launch": false,
            "id": "subnet-03ce176430d750d95",
            "ipv6_cidr_block": "",
            "ipv6_cidr_block_association_id": "",
            "ipv6_native": false,
            "map_customer_owned_ip_on_launch": false,
            "map_public_ip_on_launch": false,
            "outpost_arn": "",
            "owner_id": "666634470791",
            "private_dns_hostname_type_on_launch": "ip-name",
            "tags": {
              "Name": "Private2",
              "kubernetes.io/cluster/mycluster1": "shared",
              "kubernetes.io/role/internal-elb": "1",
              "workshop": "subnet-p2"
            },
            "tags_all": {
              "Name": "Private2",
              "kubernetes.io/cluster/mycluster1": "shared",
              "kubernetes.io/role/internal-elb": "1",
              "workshop": "subnet-p2"
            },
            "timeouts": {
              "create": null,
              "delete": null
            },
            "vpc_id": "vpc-0f8eb2384fc87f575"
          },
          "sensitive_attributes": [
            [
              {
                "type": "get_attr",
                "value": "tags"
              }
            ]
          ],
          "private": "eyJlMmJmYjczMC1lY2FhLTExZTYtOGY4OC0zNDM2M2JjN2M0YzAiOnsiY3JlYXRlIjo2MDAwMDAwMDAwMDAsImRlbGV0ZSI6MTIwMDAwMDAwMDAwMH0sInNjaGVtYV92ZXJzaW9uIjoiMSJ9",
          "dependencies": [
            "aws_ssm_parameter.tf-eks-cluster-name",
            "aws_vpc.cluster"
          ],
          "create_before_destroy": true
        }
      ]
    },
    {
      "mode": "managed",
      "type": "aws_subnet",
      "name": "subnet-p3",
      "provider": "provider[\"registry.terraform.io/hashicorp/aws\"]",
      "instances": [
        {
          "schema_version": 1,
          "attributes": {
            "arn": "arn:aws:ec2:us-east-1:666634470791:subnet/subnet-00e62383bf8f47188",
            "assign_ipv6_address_on_creation": false,
            "availability_zone": "us-east-1c",
            "availability_zone_id": "use1-az2",
            "cidr_block": "10.0.3.0/24",
            "customer_owned_ipv4_pool": "",
            "enable_dns64": false,
            "enable_lni_at_device_index": 0,
            "enable_resource_name_dns_a_record_on_launch": false,
            "enable_resource_name_dns_aaaa_record_on_launch": false,
            "id": "subnet-00e62383bf8f47188",
            "ipv6_cidr_block": "",
            "ipv6_cidr_block_association_id": "",
            "ipv6_native": false,
            "map_customer_owned_ip_on_launch": false,
            "map_public_ip_on_launch": false,
            "outpost_arn": "",
            "owner_id": "666634470791",
            "private_dns_hostname_type_on_launch": "ip-name",
            "tags": {
              "Name": "Private3",
              "kubernetes.io/cluster/mycluster1": "shared",
              "kubernetes.io/role/internal-elb": "1",
              "workshop": "subnet-p3"
            },
            "tags_all": {
              "Name": "Private3",
              "kubernetes.io/cluster/mycluster1": "shared",
              "kubernetes.io/role/internal-elb": "1",
              "workshop": "subnet-p3"
            },
            "timeouts": {
              "create": null,
              "delete": null
            },
            "vpc_id": "vpc-0f8eb2384fc87f575"
          },
          "sensitive_attributes": [
            [
              {
                "type": "get_attr",
                "value": "tags"
              }
            ]
          ],
          "private": "eyJlMmJmYjczMC1lY2FhLTExZTYtOGY4OC0zNDM2M2JjN2M0YzAiOnsiY3JlYXRlIjo2MDAwMDAwMDAwMDAsImRlbGV0ZSI6MTIwMDAwMDAwMDAwMH0sInNjaGVtYV92ZXJzaW9uIjoiMSJ9",
          "dependencies": [
            "aws_ssm_parameter.tf-eks-cluster-name",
            "aws_vpc.cluster"
          ],
          "create_before_destroy": true
        }
      ]
    },
    {
      "mode": "managed",
      "type": "aws_vpc",
      "name": "VPC",
      "provider": "provider[\"registry.terraform.io/hashicorp/aws\"]",
      "instances": [
        {
          "index_key": 0,
          "schema_version": 1,
          "attributes": {
            "arn": "arn:aws:ec2:us-east-1:666634470791:vpc/vpc-0c4b49ffb5af725a9",
            "assign_generated_ipv6_cidr_block": false,
            "cidr_block": "10.1.0.0/16",
            "default_network_acl_id": "acl-0eb4b2a5764c38826",
            "default_route_table_id": "rtb-0c365c39d3be7362f",
            "default_security_group_id": "sg-04b3d82be2d68db70",
            "dhcp_options_id": "dopt-014144c89f66926e6",
            "enable_dns_hostnames": false,
            "enable_dns_support": true,
            "enable_network_address_usage_metrics": false,
            "id": "vpc-0c4b49ffb5af725a9",
            "instance_tenancy": "default",
            "ipv4_ipam_pool_id": null,
            "ipv4_netmask_length": null,
            "ipv6_association_id": "",
            "ipv6_cidr_block": "",
            "ipv6_cidr_block_network_border_group": "",
            "ipv6_ipam_pool_id": "",
            "ipv6_netmask_length": 0,
            "main_route_table_id": "rtb-0c365c39d3be7362f",
            "owner_id": "666634470791",
            "tags": {
              "Name": "vpc-10-1"
            },
            "tags_all": {
              "Name": "vpc-10-1"
            }
          },
          "sensitive_attributes": [],
          "private": "eyJzY2hlbWFfdmVyc2lvbiI6IjEifQ=="
        }
      ]
    },
    {
      "mode": "managed",
      "type": "aws_vpc",
      "name": "cluster",
      "provider": "provider[\"registry.terraform.io/hashicorp/aws\"]",
      "instances": [
        {
          "schema_version": 1,
          "attributes": {
            "arn": "arn:aws:ec2:us-east-1:666634470791:vpc/vpc-0f8eb2384fc87f575",
            "assign_generated_ipv6_cidr_block": false,
            "cidr_block": "10.0.0.0/22",
            "default_network_acl_id": "acl-0e25f8bc2bd5d0208",
            "default_route_table_id": "rtb-09b2334f294194826",
            "default_security_group_id": "sg-00f9773d5e58b54d8",
            "dhcp_options_id": "dopt-014144c89f66926e6",
            "enable_dns_hostnames": true,
            "enable_dns_support": true,
            "enable_network_address_usage_metrics": false,
            "id": "vpc-0f8eb2384fc87f575",
            "instance_tenancy": "default",
            "ipv4_ipam_pool_id": null,
            "ipv4_netmask_length": null,
            "ipv6_association_id": "",
            "ipv6_cidr_block": "",
            "ipv6_cidr_block_network_border_group": "",
            "ipv6_ipam_pool_id": "",
            "ipv6_netmask_length": 0,
            "main_route_table_id": "rtb-09b2334f294194826",
            "owner_id": "666634470791",
            "tags": {
              "Name": "eks-mycluster1-cluster"
            },
            "tags_all": {
              "Name": "eks-mycluster1-cluster"
            }
          },
          "sensitive_attributes": [
            [
              {
                "type": "get_attr",
                "value": "tags"
              },
              {
                "type": "index",
                "value": {
                  "value": "Name",
                  "type": "string"
                }
              }
            ]
          ],
          "private": "eyJzY2hlbWFfdmVyc2lvbiI6IjEifQ==",
          "dependencies": [
            "aws_ssm_parameter.tf-eks-cluster-name"
          ],
          "create_before_destroy": true
        }
      ]
    },
    {
      "mode": "managed",
      "type": "aws_vpc_endpoint",
      "name": "vpce-s3",
      "provider": "provider[\"registry.terraform.io/hashicorp/aws\"]",
      "instances": [
        {
          "schema_version": 0,
          "attributes": {
            "arn": "arn:aws:ec2:us-east-1:666634470791:vpc-endpoint/vpce-0ed5635fd6a2630c4",
            "auto_accept": null,
            "cidr_blocks": [
              "16.182.0.0/16",
              "18.34.0.0/19",
              "52.216.0.0/15",
              "54.231.0.0/16",
              "3.5.0.0/19",
              "18.34.232.0/21"
            ],
            "dns_entry": [],
            "dns_options": [],
            "id": "vpce-0ed5635fd6a2630c4",
            "ip_address_type": "",
            "network_interface_ids": [],
            "owner_id": "666634470791",
            "policy": "{\"Statement\":[{\"Action\":\"*\",\"Effect\":\"Allow\",\"Principal\":\"*\",\"Resource\":\"*\"}],\"Version\":\"2008-10-17\"}",
            "prefix_list_id": "pl-63a5400a",
            "private_dns_enabled": false,
            "requester_managed": false,
            "route_table_ids": [
              "rtb-00be931a5c2802688",
              "rtb-08521a1ffa1b44392",
              "rtb-0e288104bf1f2226a"
            ],
            "security_group_ids": [],
            "service_name": "com.amazonaws.us-east-1.s3",
            "state": "available",
            "subnet_ids": [],
            "tags": {},
            "tags_all": {},
            "timeouts": {
              "create": null,
              "delete": null,
              "update": null
            },
            "vpc_endpoint_type": "Gateway",
            "vpc_id": "vpc-0f8eb2384fc87f575"
          },
          "sensitive_attributes": [],
          "private": "eyJlMmJmYjczMC1lY2FhLTExZTYtOGY4OC0zNDM2M2JjN2M0YzAiOnsiY3JlYXRlIjo2MDAwMDAwMDAwMDAsImRlbGV0ZSI6NjAwMDAwMDAwMDAwLCJ1cGRhdGUiOjYwMDAwMDAwMDAwMH19",
          "dependencies": [
            "aws_route_table.rtb-0102c621469c344cd",
            "aws_route_table.rtb-0329e787bbafcb2c4",
            "aws_route_table.rtb-041267f0474c24068",
            "aws_ssm_parameter.tf-eks-cluster-name",
            "aws_vpc.cluster"
          ]
        }
      ]
    },
    {
      "mode": "managed",
      "type": "aws_vpc_ipv4_cidr_block_association",
      "name": "vpc-cidr-assoc",
      "provider": "provider[\"registry.terraform.io/hashicorp/aws\"]",
      "instances": [
        {
          "schema_version": 0,
          "attributes": {
            "cidr_block": "100.64.0.0/16",
            "id": "vpc-cidr-assoc-02d65825ca9446bad",
            "ipv4_ipam_pool_id": null,
            "ipv4_netmask_length": null,
            "timeouts": {
              "create": null,
              "delete": null
            },
            "vpc_id": "vpc-0f8eb2384fc87f575"
          },
          "sensitive_attributes": [],
          "private": "eyJlMmJmYjczMC1lY2FhLTExZTYtOGY4OC0zNDM2M2JjN2M0YzAiOnsiY3JlYXRlIjo2MDAwMDAwMDAwMDAsImRlbGV0ZSI6NjAwMDAwMDAwMDAwfX0=",
          "dependencies": [
            "aws_ssm_parameter.tf-eks-cluster-name",
            "aws_vpc.cluster"
          ]
        }
      ]
    },
    {
      "mode": "managed",
      "type": "null_resource",
      "name": "policy",
      "provider": "provider[\"registry.terraform.io/hashicorp/null\"]",
      "instances": [
        {
          "schema_version": 0,
          "attributes": {
            "id": "8807734276996476302",
            "triggers": {
              "always_run": "2023-10-11T18:02:01Z"
            }
          },
          "sensitive_attributes": [],
          "private": "bnVsbA=="
        }
      ]
    },
    {
      "mode": "managed",
      "type": "null_resource",
      "name": "post-policy",
      "provider": "provider[\"registry.terraform.io/hashicorp/null\"]",
      "instances": [
        {
          "schema_version": 0,
          "attributes": {
            "id": "3067005386671647002",
            "triggers": {
              "always_run": "2023-10-11T18:02:05Z"
            }
          },
          "sensitive_attributes": [],
          "private": "bnVsbA==",
          "dependencies": [
            "aws_eks_cluster.cluster",
            "aws_iam_policy.load-balancer-policy",
            "aws_iam_role.eks-cluster-ServiceRole-HUIGIC7K7HNJ",
            "aws_kms_key.ekskey",
            "aws_security_group.cluster-sg",
            "aws_ssm_parameter.tf-eks-cluster-name",
            "aws_subnet.subnet-p1",
            "aws_subnet.subnet-p2",
            "aws_subnet.subnet-p3",
            "aws_vpc.cluster",
            "null_resource.policy"
          ]
        }
      ]
    },
    {
      "mode": "managed",
      "type": "random_id",
      "name": "id1",
      "provider": "provider[\"registry.terraform.io/hashicorp/random\"]",
      "instances": [
        {
          "schema_version": 0,
          "attributes": {
            "b64_std": "9NPsrSruHGM=",
            "b64_url": "9NPsrSruHGM",
            "byte_length": 8,
            "dec": "17641704393834110051",
            "hex": "f4d3ecad2aee1c63",
            "id": "9NPsrSruHGM",
            "keepers": null,
            "prefix": null
          },
          "sensitive_attributes": []
        }
      ]
    }
  ],
  "check_results": null
}
