{
  "version": 4,
  "terraform_version": "1.5.7",
  "serial": 34,
  "lineage": "d6226ea2-f93a-fb99-3d39-b73d4077400d",
  "outputs": {
    "cluster_service_role_arn": {
      "value": "arn:aws:iam::666634470791:role/eks-cluster-ServiceRole-HUIGIC7K7HNJ",
      "type": "string"
    },
    "keyid": {
      "value": "bf980263-69fa-4c69-818d-13c2180b0f91",
      "type": "string"
    },
    "nodegroup_role_arn": {
      "value": "arn:aws:iam::666634470791:role/eks-nodegroup-ng-ma-NodeInstanceRole-1GFKA1037E1XO",
      "type": "string"
    },
    "region": {
      "value": "us-east-1",
      "type": "string"
    },
    "rtb-priv1": {
      "value": "rtb-092cb38df61c30b41",
      "type": "string"
    },
    "rtb-priv2": {
      "value": "rtb-0e135fa52aa52321f",
      "type": "string"
    },
    "rtb-priv3": {
      "value": "rtb-069973f8269584cf1",
      "type": "string"
    },
    "s3_bucket": {
      "value": "remotebackend-01",
      "type": "string"
    },
    "tfid": {
      "value": "468e852090caa122",
      "type": "string"
    }
  },
  "resources": [
    {
      "mode": "managed",
      "type": "aws_eip",
      "name": "my-eip",
      "provider": "provider[\"registry.terraform.io/hashicorp/aws\"]",
      "instances": [
        {
          "schema_version": 0,
          "attributes": {
            "address": null,
            "allocation_id": "eipalloc-0b7bd67e90b096f2b",
            "associate_with_private_ip": null,
            "association_id": "",
            "carrier_ip": "",
            "customer_owned_ip": "",
            "customer_owned_ipv4_pool": "",
            "domain": "vpc",
            "id": "eipalloc-0b7bd67e90b096f2b",
            "instance": "",
            "network_border_group": "us-east-1",
            "network_interface": "",
            "private_dns": null,
            "private_ip": "",
            "public_dns": "ec2-18-235-117-90.compute-1.amazonaws.com",
            "public_ip": "18.235.117.90",
            "public_ipv4_pool": "amazon",
            "tags": null,
            "tags_all": {},
            "timeouts": {
              "delete": null,
              "read": null,
              "update": null
            },
            "vpc": true
          },
          "sensitive_attributes": [],
          "private": "eyJlMmJmYjczMC1lY2FhLTExZTYtOGY4OC0zNDM2M2JjN2M0YzAiOnsiZGVsZXRlIjoxODAwMDAwMDAwMDAsInJlYWQiOjkwMDAwMDAwMDAwMCwidXBkYXRlIjozMDAwMDAwMDAwMDB9fQ=="
        }
      ]
    },
    {
      "mode": "managed",
      "type": "aws_eks_addon",
      "name": "vpc-cni",
      "provider": "provider[\"registry.terraform.io/hashicorp/aws\"]",
      "instances": []
    },
    {
      "mode": "managed",
      "type": "aws_eks_cluster",
      "name": "cluster",
      "provider": "provider[\"registry.terraform.io/hashicorp/aws\"]",
      "instances": [
        {
          "status": "tainted",
          "schema_version": 0,
          "attributes": {
            "arn": "arn:aws:eks:us-east-1:666634470791:cluster/mycluster1",
            "certificate_authority": [
              {
                "data": "LS0tLS1CRUdJTiBDRVJUSUZJQ0FURS0tLS0tCk1JSUMvakNDQWVhZ0F3SUJBZ0lCQURBTkJna3Foa2lHOXcwQkFRc0ZBREFWTVJNd0VRWURWUVFERXdwcmRXSmwKY201bGRHVnpNQjRYRFRJek1UQXdNekV6TlRBeU5sb1hEVE16TURrek1ERXpOVEF5Tmxvd0ZURVRNQkVHQTFVRQpBeE1LYTNWaVpYSnVaWFJsY3pDQ0FTSXdEUVlKS29aSWh2Y05BUUVCQlFBRGdnRVBBRENDQVFvQ2dnRUJBTHNwCjYzb1E2K1J5bE9EVUtoTWpmNW5qN05jWHJKcWdGbGgveWwvbG95RWM0eldENmJJdElCRXpsbjBBQzNLa3RkekQKK2FUaHlSQnNUOUh4cWlhUHBzbS9udVY2dklhTXVFa0FTeGFUbTRBQjN3VC9TZ1hJZ1JBSFBiRVpMdzNmcjkyRApxR0Q3cHdOUjl1SXJGa2xTaUw0WnRXeCttWmdPcHhIYmVVZTJaSkVQU1dSUEdWck1YbE9taUJPU0pzbzQ3SExHCmExNGFQN1YxRUZNczVOSFlESzJZVUVQdlBVNW9aYXg1YnhiNlpyZVJhbld5WXFLTDNQeHZaZ0h4dmhFLzhPcVIKQWNrT1pYaFUzNCtkSExDSlhBYW1weHNKQlBrOWMwcWc3QUhycVVFVU5ESERPN2dOd0dZcGdxdXlsOHpFaUtYaAptZUxiYzkvVVY3NTZaWjNYeXNrQ0F3RUFBYU5aTUZjd0RnWURWUjBQQVFIL0JBUURBZ0trTUE4R0ExVWRFd0VCCi93UUZNQU1CQWY4d0hRWURWUjBPQkJZRUZMdlRNa2JXWFltamUzUzk0Y0REWmU3Smh0MXJNQlVHQTFVZEVRUU8KTUF5Q0NtdDFZbVZ5Ym1WMFpYTXdEUVlKS29aSWh2Y05BUUVMQlFBRGdnRUJBSHhBdlRCcnFPdjA2UW1objVTLwpPRlZXYWU4RzBJVTVpYTdMdUh0cHIvYWYrR2RvQk9FN0dGNUtqR1FpM2dBMTUrUUVXUzZkcWZteHI2ZjNjTlBkCkw2V0VuVWlDWkFTaDVuTEwyVlVqUm1XOTBWME9mYWE0RHdWbDhpU2ZuUkJRNnl4cjFvYUNYSTlJNTFxcTM5NEwKT3RxZ0d4NE02VDYwcm9pL3dJb3pkR0Q5c1ZLcExWMkE1TEtLd0dlcWF6ZWlpR3VyMkhtQmh2c0QxOHU4aGhTMAp2NVl0aDhxYTlnQjd4Mk1WWDljcFcwV0xGd1BPbncwVjJITVUvNlh0QVRGb2paVm9aRXUxUC9EQmV4eGlKMit2CkNMVE9Oc1pXaEp5NWlRM3RPWXJLSHRXWHZVMGtCMyswNHcrbC9tbWRwLzBaVkl0bU1KckIwN3RUMDhUL1FoTncKSXJvPQotLS0tLUVORCBDRVJUSUZJQ0FURS0tLS0tCg=="
              }
            ],
            "cluster_id": null,
            "created_at": "2023-10-03 13:45:38.221 +0000 UTC",
            "enabled_cluster_log_types": [
              "api",
              "audit",
              "authenticator",
              "controllerManager",
              "scheduler"
            ],
            "encryption_config": [
              {
                "provider": [
                  {
                    "key_arn": "arn:aws:kms:us-east-1:666634470791:key/bf980263-69fa-4c69-818d-13c2180b0f91"
                  }
                ],
                "resources": [
                  "secrets"
                ]
              }
            ],
            "endpoint": "https://568E4F60AE6366D5B5AF7B378E3099EF.gr7.us-east-1.eks.amazonaws.com",
            "id": "mycluster1",
            "identity": [
              {
                "oidc": [
                  {
                    "issuer": "https://oidc.eks.us-east-1.amazonaws.com/id/568E4F60AE6366D5B5AF7B378E3099EF"
                  }
                ]
              }
            ],
            "kubernetes_network_config": [
              {
                "ip_family": "ipv4",
                "service_ipv4_cidr": "172.20.0.0/16",
                "service_ipv6_cidr": ""
              }
            ],
            "name": "mycluster1",
            "outpost_config": [],
            "platform_version": "eks.12",
            "role_arn": "arn:aws:iam::666634470791:role/eks-cluster-ServiceRole-HUIGIC7K7HNJ",
            "status": "ACTIVE",
            "tags": null,
            "tags_all": {},
            "timeouts": {
              "create": null,
              "delete": null,
              "update": null
            },
            "version": "1.23",
            "vpc_config": [
              {
                "cluster_security_group_id": "sg-0d05857c452bbd821",
                "endpoint_private_access": true,
                "endpoint_public_access": false,
                "public_access_cidrs": [
                  "0.0.0.0/0"
                ],
                "security_group_ids": [
                  "sg-0a26caa30126f8361"
                ],
                "subnet_ids": [
                  "subnet-022b4054d8ab3a91e",
                  "subnet-08ca6cbaf726bc75b",
                  "subnet-0991bedbcf3de88c4"
                ],
                "vpc_id": "vpc-0f0fdce9abed27e5f"
              }
            ]
          },
          "sensitive_attributes": [
            [
              {
                "type": "get_attr",
                "value": "name"
              }
            ]
          ],
          "private": "eyJlMmJmYjczMC1lY2FhLTExZTYtOGY4OC0zNDM2M2JjN2M0YzAiOnsiY3JlYXRlIjoxODAwMDAwMDAwMDAwLCJkZWxldGUiOjkwMDAwMDAwMDAwMCwidXBkYXRlIjozNjAwMDAwMDAwMDAwfX0=",
          "dependencies": [
            "aws_iam_role.eks-cluster-ServiceRole-HUIGIC7K7HNJ",
            "aws_kms_key.ekskey",
            "aws_security_group.cluster-sg",
            "aws_ssm_parameter.tf-eks-cluster-name",
            "aws_subnet.subnet-i1",
            "aws_subnet.subnet-i2",
            "aws_subnet.subnet-i3",
            "aws_vpc.cluster",
            "aws_vpc_ipv4_cidr_block_association.vpc-cidr-assoc"
          ]
        }
      ]
    },
    {
      "mode": "managed",
      "type": "aws_eks_identity_provider_config",
      "name": "oidc",
      "provider": "provider[\"registry.terraform.io/hashicorp/aws\"]",
      "instances": []
    },
    {
      "mode": "managed",
      "type": "aws_iam_role",
      "name": "eks-cluster-ServiceRole-HUIGIC7K7HNJ",
      "provider": "provider[\"registry.terraform.io/hashicorp/aws\"]",
      "instances": [
        {
          "schema_version": 0,
          "attributes": {
            "arn": "arn:aws:iam::666634470791:role/eks-cluster-ServiceRole-HUIGIC7K7HNJ",
            "assume_role_policy": "{\"Statement\":[{\"Action\":\"sts:AssumeRole\",\"Effect\":\"Allow\",\"Principal\":{\"Service\":[\"eks-fargate-pods.amazonaws.com\",\"eks.amazonaws.com\"]}}],\"Version\":\"2012-10-17\"}",
            "create_date": "2023-10-03T13:45:02Z",
            "description": "",
            "force_detach_policies": false,
            "id": "eks-cluster-ServiceRole-HUIGIC7K7HNJ",
            "inline_policy": [],
            "managed_policy_arns": [],
            "max_session_duration": 3600,
            "name": "eks-cluster-ServiceRole-HUIGIC7K7HNJ",
            "name_prefix": "",
            "path": "/",
            "permissions_boundary": null,
            "tags": {
              "Name": "eks-cluster/ServiceRole"
            },
            "tags_all": {
              "Name": "eks-cluster/ServiceRole"
            },
            "unique_id": "AROAZWNUCYWDSOWAEEZDW"
          },
          "sensitive_attributes": [],
          "private": "bnVsbA=="
        }
      ]
    },
    {
      "mode": "managed",
      "type": "aws_iam_role",
      "name": "eks-nodegroup-ng-ma-NodeInstanceRole-1GFKA1037E1XO",
      "provider": "provider[\"registry.terraform.io/hashicorp/aws\"]",
      "instances": [
        {
          "schema_version": 0,
          "attributes": {
            "arn": "arn:aws:iam::666634470791:role/eks-nodegroup-ng-ma-NodeInstanceRole-1GFKA1037E1XO",
            "assume_role_policy": "{\"Statement\":[{\"Action\":\"sts:AssumeRole\",\"Effect\":\"Allow\",\"Principal\":{\"Service\":\"ec2.amazonaws.com\"}}],\"Version\":\"2012-10-17\"}",
            "create_date": "2023-10-03T13:45:02Z",
            "description": "",
            "force_detach_policies": false,
            "id": "eks-nodegroup-ng-ma-NodeInstanceRole-1GFKA1037E1XO",
            "inline_policy": [],
            "managed_policy_arns": [],
            "max_session_duration": 3600,
            "name": "eks-nodegroup-ng-ma-NodeInstanceRole-1GFKA1037E1XO",
            "name_prefix": "",
            "path": "/",
            "permissions_boundary": null,
            "tags": {
              "Name": "eks-nodegroup-ng-maneksami2/NodeInstanceRole"
            },
            "tags_all": {
              "Name": "eks-nodegroup-ng-maneksami2/NodeInstanceRole"
            },
            "unique_id": "AROAZWNUCYWDRLC45A2E3"
          },
          "sensitive_attributes": [],
          "private": "bnVsbA=="
        }
      ]
    },
    {
      "mode": "managed",
      "type": "aws_iam_role_policy",
      "name": "eks-cluster-ServiceRole-HUIGIC7K7HNJ__eks-cluster-PolicyCloudWatchMetrics",
      "provider": "provider[\"registry.terraform.io/hashicorp/aws\"]",
      "instances": [
        {
          "schema_version": 0,
          "attributes": {
            "id": "eks-cluster-ServiceRole-HUIGIC7K7HNJ:eks-cluster-PolicyCloudWatchMetrics",
            "name": "eks-cluster-PolicyCloudWatchMetrics",
            "name_prefix": null,
            "policy": "{\"Version\":\"2012-10-17\",\"Statement\":[{\"Action\":[\"cloudwatch:PutMetricData\"],\"Effect\":\"Allow\",\"Resource\":\"*\"}]}",
            "role": "eks-cluster-ServiceRole-HUIGIC7K7HNJ"
          },
          "sensitive_attributes": [],
          "private": "bnVsbA==",
          "dependencies": [
            "aws_iam_role.eks-cluster-ServiceRole-HUIGIC7K7HNJ"
          ]
        }
      ]
    },
    {
      "mode": "managed",
      "type": "aws_iam_role_policy",
      "name": "eks-nodegroup-ng-ma-NodeInstanceRole-1GFKA1037E1XO__eks-nodegroup-ng-maneksami2-PolicyAutoScaling",
      "provider": "provider[\"registry.terraform.io/hashicorp/aws\"]",
      "instances": [
        {
          "schema_version": 0,
          "attributes": {
            "id": "eks-nodegroup-ng-ma-NodeInstanceRole-1GFKA1037E1XO:eks-nodegroup-ng-maneksami2-PolicyAutoScaling",
            "name": "eks-nodegroup-ng-maneksami2-PolicyAutoScaling",
            "name_prefix": null,
            "policy": "{\"Version\":\"2012-10-17\",\"Statement\":[{\"Action\":[\"autoscaling:DescribeAutoScalingGroups\",\"autoscaling:DescribeAutoScalingInstances\",\"autoscaling:DescribeLaunchConfigurations\",\"autoscaling:DescribeTags\",\"autoscaling:SetDesiredCapacity\",\"autoscaling:TerminateInstanceInAutoScalingGroup\",\"ec2:DescribeLaunchTemplateVersions\"],\"Effect\":\"Allow\",\"Resource\":\"*\"}]}",
            "role": "eks-nodegroup-ng-ma-NodeInstanceRole-1GFKA1037E1XO"
          },
          "sensitive_attributes": [],
          "private": "bnVsbA==",
          "dependencies": [
            "aws_iam_role.eks-nodegroup-ng-ma-NodeInstanceRole-1GFKA1037E1XO"
          ]
        }
      ]
    },
    {
      "mode": "managed",
      "type": "aws_iam_role_policy_attachment",
      "name": "eks-cluster-ServiceRole-HUIGIC7K7HNJ__AmazonEKSClusterPolicy",
      "provider": "provider[\"registry.terraform.io/hashicorp/aws\"]",
      "instances": [
        {
          "schema_version": 0,
          "attributes": {
            "id": "eks-cluster-ServiceRole-HUIGIC7K7HNJ-20231003134504416200000001",
            "policy_arn": "arn:aws:iam::aws:policy/AmazonEKSClusterPolicy",
            "role": "eks-cluster-ServiceRole-HUIGIC7K7HNJ"
          },
          "sensitive_attributes": [],
          "private": "bnVsbA==",
          "dependencies": [
            "aws_iam_role.eks-cluster-ServiceRole-HUIGIC7K7HNJ"
          ]
        }
      ]
    },
    {
      "mode": "managed",
      "type": "aws_iam_role_policy_attachment",
      "name": "eks-nodegroup-ng-ma-NodeInstanceRole-1GFKA1037E1XO__AmazonEC2ContainerRegistryReadOnly",
      "provider": "provider[\"registry.terraform.io/hashicorp/aws\"]",
      "instances": [
        {
          "schema_version": 0,
          "attributes": {
            "id": "eks-nodegroup-ng-ma-NodeInstanceRole-1GFKA1037E1XO-20231003134504760300000002",
            "policy_arn": "arn:aws:iam::aws:policy/AmazonEC2ContainerRegistryReadOnly",
            "role": "eks-nodegroup-ng-ma-NodeInstanceRole-1GFKA1037E1XO"
          },
          "sensitive_attributes": [],
          "private": "bnVsbA==",
          "dependencies": [
            "aws_iam_role.eks-nodegroup-ng-ma-NodeInstanceRole-1GFKA1037E1XO"
          ]
        }
      ]
    },
    {
      "mode": "managed",
      "type": "aws_kms_key",
      "name": "ekskey",
      "provider": "provider[\"registry.terraform.io/hashicorp/aws\"]",
      "instances": [
        {
          "schema_version": 0,
          "attributes": {
            "arn": "arn:aws:kms:us-east-1:666634470791:key/bf980263-69fa-4c69-818d-13c2180b0f91",
            "bypass_policy_lockout_safety_check": false,
            "custom_key_store_id": "",
            "customer_master_key_spec": "SYMMETRIC_DEFAULT",
            "deletion_window_in_days": null,
            "description": "EKS KMS Key 2 mycluster1",
            "enable_key_rotation": false,
            "id": "bf980263-69fa-4c69-818d-13c2180b0f91",
            "is_enabled": true,
            "key_id": "bf980263-69fa-4c69-818d-13c2180b0f91",
            "key_usage": "ENCRYPT_DECRYPT",
            "multi_region": false,
            "policy": "{\"Id\":\"key-default-1\",\"Statement\":[{\"Action\":\"kms:*\",\"Effect\":\"Allow\",\"Principal\":{\"AWS\":\"arn:aws:iam::666634470791:root\"},\"Resource\":\"*\",\"Sid\":\"Enable IAM User Permissions\"}],\"Version\":\"2012-10-17\"}",
            "tags": null,
            "tags_all": {}
          },
          "sensitive_attributes": [],
          "private": "bnVsbA=="
        }
      ]
    },
    {
      "mode": "managed",
      "type": "aws_route_table",
      "name": "rtb-0102c621469c344cd",
      "provider": "provider[\"registry.terraform.io/hashicorp/aws\"]",
      "instances": [
        {
          "schema_version": 0,
          "attributes": {
            "arn": "arn:aws:ec2:us-east-1:666634470791:route-table/rtb-092cb38df61c30b41",
            "id": "rtb-092cb38df61c30b41",
            "owner_id": "666634470791",
            "propagating_vgws": [],
            "route": [],
            "tags": null,
            "tags_all": {},
            "timeouts": null,
            "vpc_id": "vpc-0f0fdce9abed27e5f"
          },
          "sensitive_attributes": [],
          "private": "eyJlMmJmYjczMC1lY2FhLTExZTYtOGY4OC0zNDM2M2JjN2M0YzAiOnsiY3JlYXRlIjozMDAwMDAwMDAwMDAsImRlbGV0ZSI6MzAwMDAwMDAwMDAwLCJ1cGRhdGUiOjEyMDAwMDAwMDAwMH19",
          "dependencies": [
            "aws_ssm_parameter.tf-eks-cluster-name",
            "aws_vpc.cluster"
          ]
        }
      ]
    },
    {
      "mode": "managed",
      "type": "aws_route_table",
      "name": "rtb-0329e787bbafcb2c4",
      "provider": "provider[\"registry.terraform.io/hashicorp/aws\"]",
      "instances": [
        {
          "schema_version": 0,
          "attributes": {
            "arn": "arn:aws:ec2:us-east-1:666634470791:route-table/rtb-0e135fa52aa52321f",
            "id": "rtb-0e135fa52aa52321f",
            "owner_id": "666634470791",
            "propagating_vgws": [],
            "route": [],
            "tags": null,
            "tags_all": {},
            "timeouts": null,
            "vpc_id": "vpc-0f0fdce9abed27e5f"
          },
          "sensitive_attributes": [],
          "private": "eyJlMmJmYjczMC1lY2FhLTExZTYtOGY4OC0zNDM2M2JjN2M0YzAiOnsiY3JlYXRlIjozMDAwMDAwMDAwMDAsImRlbGV0ZSI6MzAwMDAwMDAwMDAwLCJ1cGRhdGUiOjEyMDAwMDAwMDAwMH19",
          "dependencies": [
            "aws_ssm_parameter.tf-eks-cluster-name",
            "aws_vpc.cluster"
          ]
        }
      ]
    },
    {
      "mode": "managed",
      "type": "aws_route_table",
      "name": "rtb-041267f0474c24068",
      "provider": "provider[\"registry.terraform.io/hashicorp/aws\"]",
      "instances": [
        {
          "schema_version": 0,
          "attributes": {
            "arn": "arn:aws:ec2:us-east-1:666634470791:route-table/rtb-069973f8269584cf1",
            "id": "rtb-069973f8269584cf1",
            "owner_id": "666634470791",
            "propagating_vgws": [],
            "route": [],
            "tags": null,
            "tags_all": {},
            "timeouts": null,
            "vpc_id": "vpc-0f0fdce9abed27e5f"
          },
          "sensitive_attributes": [],
          "private": "eyJlMmJmYjczMC1lY2FhLTExZTYtOGY4OC0zNDM2M2JjN2M0YzAiOnsiY3JlYXRlIjozMDAwMDAwMDAwMDAsImRlbGV0ZSI6MzAwMDAwMDAwMDAwLCJ1cGRhdGUiOjEyMDAwMDAwMDAwMH19",
          "dependencies": [
            "aws_ssm_parameter.tf-eks-cluster-name",
            "aws_vpc.cluster"
          ]
        }
      ]
    },
    {
      "mode": "managed",
      "type": "aws_route_table_association",
      "name": "rtbassoc-0102c621469c344cd",
      "provider": "provider[\"registry.terraform.io/hashicorp/aws\"]",
      "instances": [
        {
          "schema_version": 0,
          "attributes": {
            "gateway_id": "",
            "id": "rtbassoc-0db96639074905554",
            "route_table_id": "rtb-092cb38df61c30b41",
            "subnet_id": "subnet-07f7167a5bfe072d0",
            "timeouts": null
          },
          "sensitive_attributes": [],
          "private": "eyJlMmJmYjczMC1lY2FhLTExZTYtOGY4OC0zNDM2M2JjN2M0YzAiOnsiY3JlYXRlIjozMDAwMDAwMDAwMDAsImRlbGV0ZSI6MzAwMDAwMDAwMDAwLCJ1cGRhdGUiOjEyMDAwMDAwMDAwMH19",
          "dependencies": [
            "aws_route_table.rtb-0102c621469c344cd",
            "aws_ssm_parameter.tf-eks-cluster-name",
            "aws_subnet.subnet-p1",
            "aws_vpc.cluster"
          ]
        }
      ]
    },
    {
      "mode": "managed",
      "type": "aws_route_table_association",
      "name": "rtbassoc-0329e787bbafcb2c4",
      "provider": "provider[\"registry.terraform.io/hashicorp/aws\"]",
      "instances": [
        {
          "schema_version": 0,
          "attributes": {
            "gateway_id": "",
            "id": "rtbassoc-0e3b4d4ca5a784945",
            "route_table_id": "rtb-0e135fa52aa52321f",
            "subnet_id": "subnet-0daab9ef840cbf1f8",
            "timeouts": null
          },
          "sensitive_attributes": [],
          "private": "eyJlMmJmYjczMC1lY2FhLTExZTYtOGY4OC0zNDM2M2JjN2M0YzAiOnsiY3JlYXRlIjozMDAwMDAwMDAwMDAsImRlbGV0ZSI6MzAwMDAwMDAwMDAwLCJ1cGRhdGUiOjEyMDAwMDAwMDAwMH19",
          "dependencies": [
            "aws_route_table.rtb-0329e787bbafcb2c4",
            "aws_ssm_parameter.tf-eks-cluster-name",
            "aws_subnet.subnet-p2",
            "aws_vpc.cluster"
          ]
        }
      ]
    },
    {
      "mode": "managed",
      "type": "aws_route_table_association",
      "name": "rtbassoc-041267f0474c24068",
      "provider": "provider[\"registry.terraform.io/hashicorp/aws\"]",
      "instances": [
        {
          "schema_version": 0,
          "attributes": {
            "gateway_id": "",
            "id": "rtbassoc-0876dd5cc4f0c3cd4",
            "route_table_id": "rtb-069973f8269584cf1",
            "subnet_id": "subnet-065c53116be0e791b",
            "timeouts": null
          },
          "sensitive_attributes": [],
          "private": "eyJlMmJmYjczMC1lY2FhLTExZTYtOGY4OC0zNDM2M2JjN2M0YzAiOnsiY3JlYXRlIjozMDAwMDAwMDAwMDAsImRlbGV0ZSI6MzAwMDAwMDAwMDAwLCJ1cGRhdGUiOjEyMDAwMDAwMDAwMH19",
          "dependencies": [
            "aws_route_table.rtb-041267f0474c24068",
            "aws_ssm_parameter.tf-eks-cluster-name",
            "aws_subnet.subnet-p3",
            "aws_vpc.cluster"
          ]
        }
      ]
    },
    {
      "mode": "managed",
      "type": "aws_security_group",
      "name": "allnodes-sg",
      "provider": "provider[\"registry.terraform.io/hashicorp/aws\"]",
      "instances": [
        {
          "schema_version": 1,
          "attributes": {
            "arn": "arn:aws:ec2:us-east-1:666634470791:security-group/sg-049c6dbc015e6113b",
            "description": "Communication between all nodes in the cluster",
            "egress": [],
            "id": "sg-049c6dbc015e6113b",
            "ingress": [],
            "name": "terraform-20231003134522242700000004",
            "name_prefix": "terraform-",
            "owner_id": "666634470791",
            "revoke_rules_on_delete": false,
            "tags": {
              "Label": "TF-EKS All Nodes Comms",
              "Name": "eks-mycluster1-cluster/ClusterSharedNodeSecurityGroup"
            },
            "tags_all": {
              "Label": "TF-EKS All Nodes Comms",
              "Name": "eks-mycluster1-cluster/ClusterSharedNodeSecurityGroup"
            },
            "timeouts": null,
            "vpc_id": "vpc-0f0fdce9abed27e5f"
          },
          "sensitive_attributes": [],
          "private": "eyJlMmJmYjczMC1lY2FhLTExZTYtOGY4OC0zNDM2M2JjN2M0YzAiOnsiY3JlYXRlIjo2MDAwMDAwMDAwMDAsImRlbGV0ZSI6OTAwMDAwMDAwMDAwfSwic2NoZW1hX3ZlcnNpb24iOiIxIn0=",
          "dependencies": [
            "aws_ssm_parameter.tf-eks-cluster-name",
            "aws_vpc.cluster"
          ]
        }
      ]
    },
    {
      "mode": "managed",
      "type": "aws_security_group",
      "name": "cluster-sg",
      "provider": "provider[\"registry.terraform.io/hashicorp/aws\"]",
      "instances": [
        {
          "schema_version": 1,
          "attributes": {
            "arn": "arn:aws:ec2:us-east-1:666634470791:security-group/sg-0a26caa30126f8361",
            "description": "Communication between the control plane and worker nodegroups",
            "egress": [],
            "id": "sg-0a26caa30126f8361",
            "ingress": [],
            "name": "terraform-20231003134522242000000003",
            "name_prefix": "terraform-",
            "owner_id": "666634470791",
            "revoke_rules_on_delete": false,
            "tags": {
              "Label": "TF-EKS Control Plane \u0026 all worker nodes comms",
              "Name": "eks-mycluster1-cluster/ControlPlaneSecurityGroup"
            },
            "tags_all": {
              "Label": "TF-EKS Control Plane \u0026 all worker nodes comms",
              "Name": "eks-mycluster1-cluster/ControlPlaneSecurityGroup"
            },
            "timeouts": null,
            "vpc_id": "vpc-0f0fdce9abed27e5f"
          },
          "sensitive_attributes": [],
          "private": "eyJlMmJmYjczMC1lY2FhLTExZTYtOGY4OC0zNDM2M2JjN2M0YzAiOnsiY3JlYXRlIjo2MDAwMDAwMDAwMDAsImRlbGV0ZSI6OTAwMDAwMDAwMDAwfSwic2NoZW1hX3ZlcnNpb24iOiIxIn0=",
          "dependencies": [
            "aws_ssm_parameter.tf-eks-cluster-name",
            "aws_vpc.cluster"
          ]
        }
      ]
    },
    {
      "mode": "managed",
      "type": "aws_ssm_parameter",
      "name": "cluster_service_role_arn",
      "provider": "provider[\"registry.terraform.io/hashicorp/aws\"]",
      "instances": [
        {
          "schema_version": 0,
          "attributes": {
            "allowed_pattern": "",
            "arn": "arn:aws:ssm:us-east-1:666634470791:parameter/eks/cluster_service_role_arn",
            "data_type": "text",
            "description": "",
            "id": "/eks/cluster_service_role_arn",
            "insecure_value": null,
            "key_id": "",
            "name": "/eks/cluster_service_role_arn",
            "overwrite": null,
            "tags": null,
            "tags_all": {},
            "tier": "Standard",
            "type": "String",
            "value": "aws_iam_role.eks-cluster-ServiceRole-HUIGIC7K7HNJ.arn",
            "version": 1
          },
          "sensitive_attributes": [],
          "private": "bnVsbA=="
        }
      ]
    },
    {
      "mode": "managed",
      "type": "aws_ssm_parameter",
      "name": "tf-eks-cluster-name",
      "provider": "provider[\"registry.terraform.io/hashicorp/aws\"]",
      "instances": [
        {
          "schema_version": 0,
          "attributes": {
            "allowed_pattern": "",
            "arn": "arn:aws:ssm:us-east-1:666634470791:parameter/eks/tf-eks/cluster-name",
            "data_type": "text",
            "description": "The EKS cluster name",
            "id": "/eks/tf-eks/cluster-name",
            "insecure_value": null,
            "key_id": "",
            "name": "/eks/tf-eks/cluster-name",
            "overwrite": true,
            "tags": {
              "name": "tf-eks"
            },
            "tags_all": {
              "name": "tf-eks"
            },
            "tier": "Standard",
            "type": "String",
            "value": "mycluster1",
            "version": 1
          },
          "sensitive_attributes": [],
          "private": "bnVsbA=="
        }
      ]
    },
    {
      "mode": "managed",
      "type": "aws_ssm_parameter",
      "name": "tf-eks-id",
      "provider": "provider[\"registry.terraform.io/hashicorp/aws\"]",
      "instances": [
        {
          "schema_version": 0,
          "attributes": {
            "allowed_pattern": "",
            "arn": "arn:aws:ssm:us-east-1:666634470791:parameter/eks/tf-eks/id",
            "data_type": "text",
            "description": "The unique id",
            "id": "/eks/tf-eks/id",
            "insecure_value": null,
            "key_id": "",
            "name": "/eks/tf-eks/id",
            "overwrite": true,
            "tags": {
              "name": "tf-eks"
            },
            "tags_all": {
              "name": "tf-eks"
            },
            "tier": "Standard",
            "type": "String",
            "value": "468e852090caa122",
            "version": 1
          },
          "sensitive_attributes": [],
          "private": "bnVsbA==",
          "dependencies": [
            "random_id.id1"
          ]
        }
      ]
    },
    {
      "mode": "managed",
      "type": "aws_ssm_parameter",
      "name": "tf-eks-keyarn",
      "provider": "provider[\"registry.terraform.io/hashicorp/aws\"]",
      "instances": [
        {
          "schema_version": 0,
          "attributes": {
            "allowed_pattern": "",
            "arn": "arn:aws:ssm:us-east-1:666634470791:parameter/eks/tf-eks/keyarn",
            "data_type": "text",
            "description": "The keyid",
            "id": "/eks/tf-eks/keyarn",
            "insecure_value": null,
            "key_id": "",
            "name": "/eks/tf-eks/keyarn",
            "overwrite": true,
            "tags": {
              "name": "tf-eks"
            },
            "tags_all": {
              "name": "tf-eks"
            },
            "tier": "Standard",
            "type": "String",
            "value": "arn:aws:kms:us-east-1:666634470791:key/bf980263-69fa-4c69-818d-13c2180b0f91",
            "version": 1
          },
          "sensitive_attributes": [],
          "private": "bnVsbA==",
          "dependencies": [
            "aws_kms_key.ekskey"
          ]
        }
      ]
    },
    {
      "mode": "managed",
      "type": "aws_ssm_parameter",
      "name": "tf-eks-keyid",
      "provider": "provider[\"registry.terraform.io/hashicorp/aws\"]",
      "instances": [
        {
          "schema_version": 0,
          "attributes": {
            "allowed_pattern": "",
            "arn": "arn:aws:ssm:us-east-1:666634470791:parameter/eks/tf-eks/keyid",
            "data_type": "text",
            "description": "The keyid",
            "id": "/eks/tf-eks/keyid",
            "insecure_value": null,
            "key_id": "",
            "name": "/eks/tf-eks/keyid",
            "overwrite": true,
            "tags": {
              "name": "tf-eks"
            },
            "tags_all": {
              "name": "tf-eks"
            },
            "tier": "Standard",
            "type": "String",
            "value": "bf980263-69fa-4c69-818d-13c2180b0f91",
            "version": 1
          },
          "sensitive_attributes": [],
          "private": "bnVsbA==",
          "dependencies": [
            "aws_kms_key.ekskey"
          ]
        }
      ]
    },
    {
      "mode": "managed",
      "type": "aws_ssm_parameter",
      "name": "tf-eks-region",
      "provider": "provider[\"registry.terraform.io/hashicorp/aws\"]",
      "instances": [
        {
          "schema_version": 0,
          "attributes": {
            "allowed_pattern": "",
            "arn": "arn:aws:ssm:us-east-1:666634470791:parameter/eks/tf-eks/region",
            "data_type": "text",
            "description": "The region",
            "id": "/eks/tf-eks/region",
            "insecure_value": null,
            "key_id": "",
            "name": "/eks/tf-eks/region",
            "overwrite": true,
            "tags": {
              "name": "tf-eks"
            },
            "tags_all": {
              "name": "tf-eks"
            },
            "tier": "Standard",
            "type": "String",
            "value": "us-east-1",
            "version": 1
          },
          "sensitive_attributes": [],
          "private": "bnVsbA=="
        }
      ]
    },
    {
      "mode": "managed",
      "type": "aws_subnet",
      "name": "subnet-i1",
      "provider": "provider[\"registry.terraform.io/hashicorp/aws\"]",
      "instances": [
        {
          "schema_version": 1,
          "attributes": {
            "arn": "arn:aws:ec2:us-east-1:666634470791:subnet/subnet-022b4054d8ab3a91e",
            "assign_ipv6_address_on_creation": false,
            "availability_zone": "us-east-1a",
            "availability_zone_id": "use1-az6",
            "cidr_block": "100.64.0.0/18",
            "customer_owned_ipv4_pool": "",
            "enable_dns64": false,
            "enable_lni_at_device_index": 0,
            "enable_resource_name_dns_a_record_on_launch": false,
            "enable_resource_name_dns_aaaa_record_on_launch": false,
            "id": "subnet-022b4054d8ab3a91e",
            "ipv6_cidr_block": "",
            "ipv6_cidr_block_association_id": "",
            "ipv6_native": false,
            "map_customer_owned_ip_on_launch": false,
            "map_public_ip_on_launch": false,
            "outpost_arn": "",
            "owner_id": "666634470791",
            "private_dns_hostname_type_on_launch": "ip-name",
            "tags": {
              "Name": "i1-mycluster1",
              "kubernetes.io/cluster/mycluster1": "shared",
              "workshop": "subnet-i1"
            },
            "tags_all": {
              "Name": "i1-mycluster1",
              "kubernetes.io/cluster/mycluster1": "shared",
              "workshop": "subnet-i1"
            },
            "timeouts": {
              "create": null,
              "delete": null
            },
            "vpc_id": "vpc-0f0fdce9abed27e5f"
          },
          "sensitive_attributes": [
            [
              {
                "type": "get_attr",
                "value": "tags"
              }
            ],
            [
              {
                "type": "get_attr",
                "value": "tags"
              },
              {
                "type": "index",
                "value": {
                  "value": "Name",
                  "type": "string"
                }
              }
            ]
          ],
          "private": "eyJlMmJmYjczMC1lY2FhLTExZTYtOGY4OC0zNDM2M2JjN2M0YzAiOnsiY3JlYXRlIjo2MDAwMDAwMDAwMDAsImRlbGV0ZSI6MTIwMDAwMDAwMDAwMH0sInNjaGVtYV92ZXJzaW9uIjoiMSJ9",
          "dependencies": [
            "aws_ssm_parameter.tf-eks-cluster-name",
            "aws_vpc.cluster",
            "aws_vpc_ipv4_cidr_block_association.vpc-cidr-assoc"
          ]
        }
      ]
    },
    {
      "mode": "managed",
      "type": "aws_subnet",
      "name": "subnet-i2",
      "provider": "provider[\"registry.terraform.io/hashicorp/aws\"]",
      "instances": [
        {
          "schema_version": 1,
          "attributes": {
            "arn": "arn:aws:ec2:us-east-1:666634470791:subnet/subnet-08ca6cbaf726bc75b",
            "assign_ipv6_address_on_creation": false,
            "availability_zone": "us-east-1b",
            "availability_zone_id": "use1-az1",
            "cidr_block": "100.64.64.0/18",
            "customer_owned_ipv4_pool": "",
            "enable_dns64": false,
            "enable_lni_at_device_index": 0,
            "enable_resource_name_dns_a_record_on_launch": false,
            "enable_resource_name_dns_aaaa_record_on_launch": false,
            "id": "subnet-08ca6cbaf726bc75b",
            "ipv6_cidr_block": "",
            "ipv6_cidr_block_association_id": "",
            "ipv6_native": false,
            "map_customer_owned_ip_on_launch": false,
            "map_public_ip_on_launch": false,
            "outpost_arn": "",
            "owner_id": "666634470791",
            "private_dns_hostname_type_on_launch": "ip-name",
            "tags": {
              "Name": "i2-mycluster1",
              "kubernetes.io/cluster/mycluster1": "shared",
              "workshop": "subnet-i2"
            },
            "tags_all": {
              "Name": "i2-mycluster1",
              "kubernetes.io/cluster/mycluster1": "shared",
              "workshop": "subnet-i2"
            },
            "timeouts": {
              "create": null,
              "delete": null
            },
            "vpc_id": "vpc-0f0fdce9abed27e5f"
          },
          "sensitive_attributes": [
            [
              {
                "type": "get_attr",
                "value": "tags"
              }
            ],
            [
              {
                "type": "get_attr",
                "value": "tags"
              },
              {
                "type": "index",
                "value": {
                  "value": "Name",
                  "type": "string"
                }
              }
            ]
          ],
          "private": "eyJlMmJmYjczMC1lY2FhLTExZTYtOGY4OC0zNDM2M2JjN2M0YzAiOnsiY3JlYXRlIjo2MDAwMDAwMDAwMDAsImRlbGV0ZSI6MTIwMDAwMDAwMDAwMH0sInNjaGVtYV92ZXJzaW9uIjoiMSJ9",
          "dependencies": [
            "aws_ssm_parameter.tf-eks-cluster-name",
            "aws_vpc.cluster",
            "aws_vpc_ipv4_cidr_block_association.vpc-cidr-assoc"
          ]
        }
      ]
    },
    {
      "mode": "managed",
      "type": "aws_subnet",
      "name": "subnet-i3",
      "provider": "provider[\"registry.terraform.io/hashicorp/aws\"]",
      "instances": [
        {
          "schema_version": 1,
          "attributes": {
            "arn": "arn:aws:ec2:us-east-1:666634470791:subnet/subnet-0991bedbcf3de88c4",
            "assign_ipv6_address_on_creation": false,
            "availability_zone": "us-east-1c",
            "availability_zone_id": "use1-az2",
            "cidr_block": "100.64.128.0/18",
            "customer_owned_ipv4_pool": "",
            "enable_dns64": false,
            "enable_lni_at_device_index": 0,
            "enable_resource_name_dns_a_record_on_launch": false,
            "enable_resource_name_dns_aaaa_record_on_launch": false,
            "id": "subnet-0991bedbcf3de88c4",
            "ipv6_cidr_block": "",
            "ipv6_cidr_block_association_id": "",
            "ipv6_native": false,
            "map_customer_owned_ip_on_launch": false,
            "map_public_ip_on_launch": false,
            "outpost_arn": "",
            "owner_id": "666634470791",
            "private_dns_hostname_type_on_launch": "ip-name",
            "tags": {
              "Name": "i3-mycluster1",
              "kubernetes.io/cluster/mycluster1": "shared",
              "workshop": "subnet-i3"
            },
            "tags_all": {
              "Name": "i3-mycluster1",
              "kubernetes.io/cluster/mycluster1": "shared",
              "workshop": "subnet-i3"
            },
            "timeouts": {
              "create": null,
              "delete": null
            },
            "vpc_id": "vpc-0f0fdce9abed27e5f"
          },
          "sensitive_attributes": [
            [
              {
                "type": "get_attr",
                "value": "tags"
              }
            ],
            [
              {
                "type": "get_attr",
                "value": "tags"
              },
              {
                "type": "index",
                "value": {
                  "value": "Name",
                  "type": "string"
                }
              }
            ]
          ],
          "private": "eyJlMmJmYjczMC1lY2FhLTExZTYtOGY4OC0zNDM2M2JjN2M0YzAiOnsiY3JlYXRlIjo2MDAwMDAwMDAwMDAsImRlbGV0ZSI6MTIwMDAwMDAwMDAwMH0sInNjaGVtYV92ZXJzaW9uIjoiMSJ9",
          "dependencies": [
            "aws_ssm_parameter.tf-eks-cluster-name",
            "aws_vpc.cluster",
            "aws_vpc_ipv4_cidr_block_association.vpc-cidr-assoc"
          ]
        }
      ]
    },
    {
      "mode": "managed",
      "type": "aws_subnet",
      "name": "subnet-p1",
      "provider": "provider[\"registry.terraform.io/hashicorp/aws\"]",
      "instances": [
        {
          "schema_version": 1,
          "attributes": {
            "arn": "arn:aws:ec2:us-east-1:666634470791:subnet/subnet-07f7167a5bfe072d0",
            "assign_ipv6_address_on_creation": false,
            "availability_zone": "us-east-1a",
            "availability_zone_id": "use1-az6",
            "cidr_block": "10.0.1.0/24",
            "customer_owned_ipv4_pool": "",
            "enable_dns64": false,
            "enable_lni_at_device_index": 0,
            "enable_resource_name_dns_a_record_on_launch": false,
            "enable_resource_name_dns_aaaa_record_on_launch": false,
            "id": "subnet-07f7167a5bfe072d0",
            "ipv6_cidr_block": "",
            "ipv6_cidr_block_association_id": "",
            "ipv6_native": false,
            "map_customer_owned_ip_on_launch": false,
            "map_public_ip_on_launch": false,
            "outpost_arn": "",
            "owner_id": "666634470791",
            "private_dns_hostname_type_on_launch": "ip-name",
            "tags": {
              "Name": "Private1",
              "kubernetes.io/cluster/mycluster1": "shared",
              "kubernetes.io/role/internal-elb": "1",
              "workshop": "subnet-p1"
            },
            "tags_all": {
              "Name": "Private1",
              "kubernetes.io/cluster/mycluster1": "shared",
              "kubernetes.io/role/internal-elb": "1",
              "workshop": "subnet-p1"
            },
            "timeouts": {
              "create": null,
              "delete": null
            },
            "vpc_id": "vpc-0f0fdce9abed27e5f"
          },
          "sensitive_attributes": [
            [
              {
                "type": "get_attr",
                "value": "tags"
              }
            ]
          ],
          "private": "eyJlMmJmYjczMC1lY2FhLTExZTYtOGY4OC0zNDM2M2JjN2M0YzAiOnsiY3JlYXRlIjo2MDAwMDAwMDAwMDAsImRlbGV0ZSI6MTIwMDAwMDAwMDAwMH0sInNjaGVtYV92ZXJzaW9uIjoiMSJ9",
          "dependencies": [
            "aws_ssm_parameter.tf-eks-cluster-name",
            "aws_vpc.cluster"
          ]
        }
      ]
    },
    {
      "mode": "managed",
      "type": "aws_subnet",
      "name": "subnet-p2",
      "provider": "provider[\"registry.terraform.io/hashicorp/aws\"]",
      "instances": [
        {
          "schema_version": 1,
          "attributes": {
            "arn": "arn:aws:ec2:us-east-1:666634470791:subnet/subnet-0daab9ef840cbf1f8",
            "assign_ipv6_address_on_creation": false,
            "availability_zone": "us-east-1b",
            "availability_zone_id": "use1-az1",
            "cidr_block": "10.0.2.0/24",
            "customer_owned_ipv4_pool": "",
            "enable_dns64": false,
            "enable_lni_at_device_index": 0,
            "enable_resource_name_dns_a_record_on_launch": false,
            "enable_resource_name_dns_aaaa_record_on_launch": false,
            "id": "subnet-0daab9ef840cbf1f8",
            "ipv6_cidr_block": "",
            "ipv6_cidr_block_association_id": "",
            "ipv6_native": false,
            "map_customer_owned_ip_on_launch": false,
            "map_public_ip_on_launch": false,
            "outpost_arn": "",
            "owner_id": "666634470791",
            "private_dns_hostname_type_on_launch": "ip-name",
            "tags": {
              "Name": "Private2",
              "kubernetes.io/cluster/mycluster1": "shared",
              "kubernetes.io/role/internal-elb": "1",
              "workshop": "subnet-p2"
            },
            "tags_all": {
              "Name": "Private2",
              "kubernetes.io/cluster/mycluster1": "shared",
              "kubernetes.io/role/internal-elb": "1",
              "workshop": "subnet-p2"
            },
            "timeouts": {
              "create": null,
              "delete": null
            },
            "vpc_id": "vpc-0f0fdce9abed27e5f"
          },
          "sensitive_attributes": [
            [
              {
                "type": "get_attr",
                "value": "tags"
              }
            ]
          ],
          "private": "eyJlMmJmYjczMC1lY2FhLTExZTYtOGY4OC0zNDM2M2JjN2M0YzAiOnsiY3JlYXRlIjo2MDAwMDAwMDAwMDAsImRlbGV0ZSI6MTIwMDAwMDAwMDAwMH0sInNjaGVtYV92ZXJzaW9uIjoiMSJ9",
          "dependencies": [
            "aws_ssm_parameter.tf-eks-cluster-name",
            "aws_vpc.cluster"
          ]
        }
      ]
    },
    {
      "mode": "managed",
      "type": "aws_subnet",
      "name": "subnet-p3",
      "provider": "provider[\"registry.terraform.io/hashicorp/aws\"]",
      "instances": [
        {
          "schema_version": 1,
          "attributes": {
            "arn": "arn:aws:ec2:us-east-1:666634470791:subnet/subnet-065c53116be0e791b",
            "assign_ipv6_address_on_creation": false,
            "availability_zone": "us-east-1c",
            "availability_zone_id": "use1-az2",
            "cidr_block": "10.0.3.0/24",
            "customer_owned_ipv4_pool": "",
            "enable_dns64": false,
            "enable_lni_at_device_index": 0,
            "enable_resource_name_dns_a_record_on_launch": false,
            "enable_resource_name_dns_aaaa_record_on_launch": false,
            "id": "subnet-065c53116be0e791b",
            "ipv6_cidr_block": "",
            "ipv6_cidr_block_association_id": "",
            "ipv6_native": false,
            "map_customer_owned_ip_on_launch": false,
            "map_public_ip_on_launch": false,
            "outpost_arn": "",
            "owner_id": "666634470791",
            "private_dns_hostname_type_on_launch": "ip-name",
            "tags": {
              "Name": "Private3",
              "kubernetes.io/cluster/mycluster1": "shared",
              "kubernetes.io/role/internal-elb": "1",
              "workshop": "subnet-p3"
            },
            "tags_all": {
              "Name": "Private3",
              "kubernetes.io/cluster/mycluster1": "shared",
              "kubernetes.io/role/internal-elb": "1",
              "workshop": "subnet-p3"
            },
            "timeouts": {
              "create": null,
              "delete": null
            },
            "vpc_id": "vpc-0f0fdce9abed27e5f"
          },
          "sensitive_attributes": [
            [
              {
                "type": "get_attr",
                "value": "tags"
              }
            ]
          ],
          "private": "eyJlMmJmYjczMC1lY2FhLTExZTYtOGY4OC0zNDM2M2JjN2M0YzAiOnsiY3JlYXRlIjo2MDAwMDAwMDAwMDAsImRlbGV0ZSI6MTIwMDAwMDAwMDAwMH0sInNjaGVtYV92ZXJzaW9uIjoiMSJ9",
          "dependencies": [
            "aws_ssm_parameter.tf-eks-cluster-name",
            "aws_vpc.cluster"
          ]
        }
      ]
    },
    {
      "mode": "managed",
      "type": "aws_vpc",
      "name": "cluster",
      "provider": "provider[\"registry.terraform.io/hashicorp/aws\"]",
      "instances": [
        {
          "schema_version": 1,
          "attributes": {
            "arn": "arn:aws:ec2:us-east-1:666634470791:vpc/vpc-0f0fdce9abed27e5f",
            "assign_generated_ipv6_cidr_block": false,
            "cidr_block": "10.0.0.0/22",
            "default_network_acl_id": "acl-0d4b92ec6af33ef7a",
            "default_route_table_id": "rtb-08c960fa88824c0af",
            "default_security_group_id": "sg-060c37d92141bc762",
            "dhcp_options_id": "dopt-014144c89f66926e6",
            "enable_dns_hostnames": true,
            "enable_dns_support": true,
            "enable_network_address_usage_metrics": false,
            "id": "vpc-0f0fdce9abed27e5f",
            "instance_tenancy": "default",
            "ipv4_ipam_pool_id": null,
            "ipv4_netmask_length": null,
            "ipv6_association_id": "",
            "ipv6_cidr_block": "",
            "ipv6_cidr_block_network_border_group": "",
            "ipv6_ipam_pool_id": "",
            "ipv6_netmask_length": 0,
            "main_route_table_id": "rtb-08c960fa88824c0af",
            "owner_id": "666634470791",
            "tags": {
              "Name": "eks-mycluster1-cluster"
            },
            "tags_all": {
              "Name": "eks-mycluster1-cluster"
            }
          },
          "sensitive_attributes": [
            [
              {
                "type": "get_attr",
                "value": "tags"
              },
              {
                "type": "index",
                "value": {
                  "value": "Name",
                  "type": "string"
                }
              }
            ]
          ],
          "private": "eyJzY2hlbWFfdmVyc2lvbiI6IjEifQ==",
          "dependencies": [
            "aws_ssm_parameter.tf-eks-cluster-name"
          ]
        }
      ]
    },
    {
      "mode": "managed",
      "type": "aws_vpc_endpoint",
      "name": "vpce-s3",
      "provider": "provider[\"registry.terraform.io/hashicorp/aws\"]",
      "instances": [
        {
          "schema_version": 0,
          "attributes": {
            "arn": "arn:aws:ec2:us-east-1:666634470791:vpc-endpoint/vpce-0e9d253991fe1ffc5",
            "auto_accept": null,
            "cidr_blocks": [
              "16.182.0.0/16",
              "18.34.0.0/19",
              "52.216.0.0/15",
              "54.231.0.0/16",
              "3.5.0.0/19",
              "18.34.232.0/21"
            ],
            "dns_entry": [],
            "dns_options": [],
            "id": "vpce-0e9d253991fe1ffc5",
            "ip_address_type": "",
            "network_interface_ids": [],
            "owner_id": "666634470791",
            "policy": "{\"Statement\":[{\"Action\":\"*\",\"Effect\":\"Allow\",\"Principal\":\"*\",\"Resource\":\"*\"}],\"Version\":\"2008-10-17\"}",
            "prefix_list_id": "pl-63a5400a",
            "private_dns_enabled": false,
            "requester_managed": false,
            "route_table_ids": [
              "rtb-069973f8269584cf1",
              "rtb-092cb38df61c30b41",
              "rtb-0e135fa52aa52321f"
            ],
            "security_group_ids": [],
            "service_name": "com.amazonaws.us-east-1.s3",
            "state": "available",
            "subnet_ids": [],
            "tags": null,
            "tags_all": {},
            "timeouts": {
              "create": null,
              "delete": null,
              "update": null
            },
            "vpc_endpoint_type": "Gateway",
            "vpc_id": "vpc-0f0fdce9abed27e5f"
          },
          "sensitive_attributes": [],
          "private": "eyJlMmJmYjczMC1lY2FhLTExZTYtOGY4OC0zNDM2M2JjN2M0YzAiOnsiY3JlYXRlIjo2MDAwMDAwMDAwMDAsImRlbGV0ZSI6NjAwMDAwMDAwMDAwLCJ1cGRhdGUiOjYwMDAwMDAwMDAwMH19",
          "dependencies": [
            "aws_route_table.rtb-0102c621469c344cd",
            "aws_route_table.rtb-0329e787bbafcb2c4",
            "aws_route_table.rtb-041267f0474c24068",
            "aws_ssm_parameter.tf-eks-cluster-name",
            "aws_vpc.cluster"
          ]
        }
      ]
    },
    {
      "mode": "managed",
      "type": "aws_vpc_ipv4_cidr_block_association",
      "name": "vpc-cidr-assoc",
      "provider": "provider[\"registry.terraform.io/hashicorp/aws\"]",
      "instances": [
        {
          "schema_version": 0,
          "attributes": {
            "cidr_block": "100.64.0.0/16",
            "id": "vpc-cidr-assoc-053f7fe26272e7dbe",
            "ipv4_ipam_pool_id": null,
            "ipv4_netmask_length": null,
            "timeouts": {
              "create": null,
              "delete": null
            },
            "vpc_id": "vpc-0f0fdce9abed27e5f"
          },
          "sensitive_attributes": [],
          "private": "eyJlMmJmYjczMC1lY2FhLTExZTYtOGY4OC0zNDM2M2JjN2M0YzAiOnsiY3JlYXRlIjo2MDAwMDAwMDAwMDAsImRlbGV0ZSI6NjAwMDAwMDAwMDAwfX0=",
          "dependencies": [
            "aws_ssm_parameter.tf-eks-cluster-name",
            "aws_vpc.cluster"
          ]
        }
      ]
    },
    {
      "mode": "managed",
      "type": "null_resource",
      "name": "gen_backend",
      "provider": "provider[\"registry.terraform.io/hashicorp/null\"]",
      "instances": []
    },
    {
      "mode": "managed",
      "type": "random_id",
      "name": "id1",
      "provider": "provider[\"registry.terraform.io/hashicorp/random\"]",
      "instances": [
        {
          "schema_version": 0,
          "attributes": {
            "b64_std": "Ro6FIJDKoSI=",
            "b64_url": "Ro6FIJDKoSI",
            "byte_length": 8,
            "dec": "5084147404262514978",
            "hex": "468e852090caa122",
            "id": "Ro6FIJDKoSI",
            "keepers": null,
            "prefix": null
          },
          "sensitive_attributes": []
        }
      ]
    }
  ],
  "check_results": null
}
